// !$*UTF8*$!
{
	archiveVersion = 1;
	classes = {
	};
	objectVersion = 46;
	objects = {

/* Begin PBXBuildFile section */
		2B48E40C1D79CCEB009E1645 /* miniz.c in Sources */ = {isa = PBXBuildFile; fileRef = 2B48E40B1D79CCEB009E1645 /* miniz.c */; };
		2BA86999218453F20080BFB8 /* markv.cpp in Sources */ = {isa = PBXBuildFile; fileRef = 2BA8698B218453F20080BFB8 /* markv.cpp */; settings = {COMPILER_FLAGS = "-I ../testing/external/spirv-tools-markv"; }; };
		2BA8699A218453F20080BFB8 /* markv_codec.cpp in Sources */ = {isa = PBXBuildFile; fileRef = 2BA8698C218453F20080BFB8 /* markv_codec.cpp */; settings = {COMPILER_FLAGS = "-I ../testing/external/spirv-tools-markv"; }; };
		2BA8699B218453F20080BFB8 /* move_to_front.cpp in Sources */ = {isa = PBXBuildFile; fileRef = 2BA86990218453F20080BFB8 /* move_to_front.cpp */; settings = {COMPILER_FLAGS = "-I ../testing/external/spirv-tools-markv"; }; };
		2BA8699C218453F20080BFB8 /* bit_stream.cpp in Sources */ = {isa = PBXBuildFile; fileRef = 2BA86994218453F20080BFB8 /* bit_stream.cpp */; settings = {COMPILER_FLAGS = "-I ../testing/external/spirv-tools-markv"; }; };
		2BA8699D218453F20080BFB8 /* markv_decoder.cpp in Sources */ = {isa = PBXBuildFile; fileRef = 2BA86997218453F20080BFB8 /* markv_decoder.cpp */; settings = {COMPILER_FLAGS = "-I ../testing/external/spirv-tools-markv"; }; };
		2BA8699E218453F20080BFB8 /* markv_encoder.cpp in Sources */ = {isa = PBXBuildFile; fileRef = 2BA86998218453F20080BFB8 /* markv_encoder.cpp */; settings = {COMPILER_FLAGS = "-I ../testing/external/spirv-tools-markv"; }; };
		2BA869B2218457350080BFB8 /* opcode.cpp in Sources */ = {isa = PBXBuildFile; fileRef = 2BA869A1218457330080BFB8 /* opcode.cpp */; settings = {COMPILER_FLAGS = "-I ../testing/external/spirv-tools-markv"; }; };
		2BA869B3218457350080BFB8 /* assembly_grammar.cpp in Sources */ = {isa = PBXBuildFile; fileRef = 2BA869A2218457330080BFB8 /* assembly_grammar.cpp */; settings = {COMPILER_FLAGS = "-I ../testing/external/spirv-tools-markv"; }; };
		2BA869B4218457350080BFB8 /* binary.cpp in Sources */ = {isa = PBXBuildFile; fileRef = 2BA869A3218457340080BFB8 /* binary.cpp */; settings = {COMPILER_FLAGS = "-I ../testing/external/spirv-tools-markv"; }; };
		2BA869B5218457350080BFB8 /* diagnostic.cpp in Sources */ = {isa = PBXBuildFile; fileRef = 2BA869AD218457340080BFB8 /* diagnostic.cpp */; settings = {COMPILER_FLAGS = "-I ../testing/external/spirv-tools-markv"; }; };
		2BA869BD218457EA0080BFB8 /* spirv_endian.cpp in Sources */ = {isa = PBXBuildFile; fileRef = 2BA869B7218457EA0080BFB8 /* spirv_endian.cpp */; settings = {COMPILER_FLAGS = "-I ../testing/external/spirv-tools-markv"; }; };
		2BA869BE218457EA0080BFB8 /* operand.cpp in Sources */ = {isa = PBXBuildFile; fileRef = 2BA869B9218457EA0080BFB8 /* operand.cpp */; settings = {COMPILER_FLAGS = "-I ../testing/external/spirv-tools-markv"; }; };
		2BA869BF218457EA0080BFB8 /* spirv_target_env.cpp in Sources */ = {isa = PBXBuildFile; fileRef = 2BA869BC218457EA0080BFB8 /* spirv_target_env.cpp */; settings = {COMPILER_FLAGS = "-I ../testing/external/spirv-tools-markv"; }; };
		2BA869C2218458490080BFB8 /* text.cpp in Sources */ = {isa = PBXBuildFile; fileRef = 2BA869C1218458490080BFB8 /* text.cpp */; settings = {COMPILER_FLAGS = "-I ../testing/external/spirv-tools-markv"; }; };
		2BA869C5218458A20080BFB8 /* text_handler.cpp in Sources */ = {isa = PBXBuildFile; fileRef = 2BA869C3218458A10080BFB8 /* text_handler.cpp */; settings = {COMPILER_FLAGS = "-I ../testing/external/spirv-tools-markv"; }; };
		2BA869C7218459010080BFB8 /* ext_inst.cpp in Sources */ = {isa = PBXBuildFile; fileRef = 2BA869C6218459010080BFB8 /* ext_inst.cpp */; settings = {COMPILER_FLAGS = "-I ../testing/external/spirv-tools-markv"; }; };
		2BA869C9218459B50080BFB8 /* id_descriptor.cpp in Sources */ = {isa = PBXBuildFile; fileRef = 2BA869C8218459B50080BFB8 /* id_descriptor.cpp */; settings = {COMPILER_FLAGS = "-I ../testing/external/spirv-tools-markv"; }; };
		2BA869CC218459F80080BFB8 /* disassemble.cpp in Sources */ = {isa = PBXBuildFile; fileRef = 2BA869CB218459F80080BFB8 /* disassemble.cpp */; settings = {COMPILER_FLAGS = "-I ../testing/external/spirv-tools-markv"; }; };
		2BA869CE21845B8D0080BFB8 /* parsed_operand.cpp in Sources */ = {isa = PBXBuildFile; fileRef = 2BA869CD21845B8D0080BFB8 /* parsed_operand.cpp */; settings = {COMPILER_FLAGS = "-I ../testing/external/spirv-tools-markv"; }; };
		2BA869D021845BAE0080BFB8 /* name_mapper.cpp in Sources */ = {isa = PBXBuildFile; fileRef = 2BA869CF21845BAE0080BFB8 /* name_mapper.cpp */; settings = {COMPILER_FLAGS = "-I ../testing/external/spirv-tools-markv"; }; };
		2BA869D221845BDF0080BFB8 /* table.cpp in Sources */ = {isa = PBXBuildFile; fileRef = 2BA869D121845BDF0080BFB8 /* table.cpp */; settings = {COMPILER_FLAGS = "-I ../testing/external/spirv-tools-markv"; }; };
		2BA869D521845C420080BFB8 /* parse_number.cpp in Sources */ = {isa = PBXBuildFile; fileRef = 2BA869D421845C420080BFB8 /* parse_number.cpp */; settings = {COMPILER_FLAGS = "-I ../testing/external/spirv-tools-markv"; }; };
		2BA869D821845C840080BFB8 /* validate.cpp in Sources */ = {isa = PBXBuildFile; fileRef = 2BA869D721845C840080BFB8 /* validate.cpp */; settings = {COMPILER_FLAGS = "-I ../testing/external/spirv-tools-markv"; }; };
		2BA86A04218460070080BFB8 /* function.cpp in Sources */ = {isa = PBXBuildFile; fileRef = 2BA869D9218460040080BFB8 /* function.cpp */; settings = {COMPILER_FLAGS = "-I ../testing/external/spirv-tools-markv"; }; };
		2BA86A05218460070080BFB8 /* validate_arithmetics.cpp in Sources */ = {isa = PBXBuildFile; fileRef = 2BA869DB218460040080BFB8 /* validate_arithmetics.cpp */; settings = {COMPILER_FLAGS = "-I ../testing/external/spirv-tools-markv"; }; };
		2BA86A06218460070080BFB8 /* validate_atomics.cpp in Sources */ = {isa = PBXBuildFile; fileRef = 2BA869DD218460040080BFB8 /* validate_atomics.cpp */; settings = {COMPILER_FLAGS = "-I ../testing/external/spirv-tools-markv"; }; };
		2BA86A07218460070080BFB8 /* validate_bitwise.cpp in Sources */ = {isa = PBXBuildFile; fileRef = 2BA869DE218460040080BFB8 /* validate_bitwise.cpp */; settings = {COMPILER_FLAGS = "-I ../testing/external/spirv-tools-markv"; }; };
		2BA86A08218460070080BFB8 /* validate_builtins.cpp in Sources */ = {isa = PBXBuildFile; fileRef = 2BA869DF218460040080BFB8 /* validate_builtins.cpp */; settings = {COMPILER_FLAGS = "-I ../testing/external/spirv-tools-markv"; }; };
		2BA86A09218460070080BFB8 /* validate_constants.cpp in Sources */ = {isa = PBXBuildFile; fileRef = 2BA869E0218460040080BFB8 /* validate_constants.cpp */; settings = {COMPILER_FLAGS = "-I ../testing/external/spirv-tools-markv"; }; };
		2BA86A0A218460070080BFB8 /* validate_datarules.cpp in Sources */ = {isa = PBXBuildFile; fileRef = 2BA869E1218460040080BFB8 /* validate_datarules.cpp */; settings = {COMPILER_FLAGS = "-I ../testing/external/spirv-tools-markv"; }; };
		2BA86A0B218460070080BFB8 /* validate_execution_limitations.cpp in Sources */ = {isa = PBXBuildFile; fileRef = 2BA869E2218460040080BFB8 /* validate_execution_limitations.cpp */; settings = {COMPILER_FLAGS = "-I ../testing/external/spirv-tools-markv"; }; };
		2BA86A0C218460070080BFB8 /* validate_image.cpp in Sources */ = {isa = PBXBuildFile; fileRef = 2BA869E3218460040080BFB8 /* validate_image.cpp */; settings = {COMPILER_FLAGS = "-I ../testing/external/spirv-tools-markv"; }; };
		2BA86A0D218460070080BFB8 /* validate_interfaces.cpp in Sources */ = {isa = PBXBuildFile; fileRef = 2BA869E4218460040080BFB8 /* validate_interfaces.cpp */; settings = {COMPILER_FLAGS = "-I ../testing/external/spirv-tools-markv"; }; };
		2BA86A0E218460070080BFB8 /* validate_memory.cpp in Sources */ = {isa = PBXBuildFile; fileRef = 2BA869E5218460040080BFB8 /* validate_memory.cpp */; settings = {COMPILER_FLAGS = "-I ../testing/external/spirv-tools-markv"; }; };
		2BA86A0F218460070080BFB8 /* validate_mode_setting.cpp in Sources */ = {isa = PBXBuildFile; fileRef = 2BA869E6218460040080BFB8 /* validate_mode_setting.cpp */; settings = {COMPILER_FLAGS = "-I ../testing/external/spirv-tools-markv"; }; };
		2BA86A10218460070080BFB8 /* validate_literals.cpp in Sources */ = {isa = PBXBuildFile; fileRef = 2BA869E7218460040080BFB8 /* validate_literals.cpp */; settings = {COMPILER_FLAGS = "-I ../testing/external/spirv-tools-markv"; }; };
		2BA86A11218460070080BFB8 /* validate_non_uniform.cpp in Sources */ = {isa = PBXBuildFile; fileRef = 2BA869E8218460040080BFB8 /* validate_non_uniform.cpp */; settings = {COMPILER_FLAGS = "-I ../testing/external/spirv-tools-markv"; }; };
		2BA86A12218460070080BFB8 /* construct.cpp in Sources */ = {isa = PBXBuildFile; fileRef = 2BA869E9218460050080BFB8 /* construct.cpp */; settings = {COMPILER_FLAGS = "-I ../testing/external/spirv-tools-markv"; }; };
		2BA86A13218460070080BFB8 /* validate_barriers.cpp in Sources */ = {isa = PBXBuildFile; fileRef = 2BA869EC218460050080BFB8 /* validate_barriers.cpp */; settings = {COMPILER_FLAGS = "-I ../testing/external/spirv-tools-markv"; }; };
		2BA86A14218460070080BFB8 /* validate_cfg.cpp in Sources */ = {isa = PBXBuildFile; fileRef = 2BA869ED218460050080BFB8 /* validate_cfg.cpp */; settings = {COMPILER_FLAGS = "-I ../testing/external/spirv-tools-markv"; }; };
		2BA86A15218460070080BFB8 /* validate_composites.cpp in Sources */ = {isa = PBXBuildFile; fileRef = 2BA869EE218460050080BFB8 /* validate_composites.cpp */; settings = {COMPILER_FLAGS = "-I ../testing/external/spirv-tools-markv"; }; };
		2BA86A16218460070080BFB8 /* validate_conversion.cpp in Sources */ = {isa = PBXBuildFile; fileRef = 2BA869EF218460050080BFB8 /* validate_conversion.cpp */; settings = {COMPILER_FLAGS = "-I ../testing/external/spirv-tools-markv"; }; };
		2BA86A17218460070080BFB8 /* validate_annotation.cpp in Sources */ = {isa = PBXBuildFile; fileRef = 2BA869F3218460050080BFB8 /* validate_annotation.cpp */; settings = {COMPILER_FLAGS = "-I ../testing/external/spirv-tools-markv"; }; };
		2BA86A18218460070080BFB8 /* validate_capability.cpp in Sources */ = {isa = PBXBuildFile; fileRef = 2BA869F4218460060080BFB8 /* validate_capability.cpp */; settings = {COMPILER_FLAGS = "-I ../testing/external/spirv-tools-markv"; }; };
		2BA86A19218460070080BFB8 /* validate_debug.cpp in Sources */ = {isa = PBXBuildFile; fileRef = 2BA869F5218460060080BFB8 /* validate_debug.cpp */; settings = {COMPILER_FLAGS = "-I ../testing/external/spirv-tools-markv"; }; };
		2BA86A1A218460070080BFB8 /* instruction.cpp in Sources */ = {isa = PBXBuildFile; fileRef = 2BA869F6218460060080BFB8 /* instruction.cpp */; settings = {COMPILER_FLAGS = "-I ../testing/external/spirv-tools-markv"; }; };
		2BA86A1B218460070080BFB8 /* validate_instruction.cpp in Sources */ = {isa = PBXBuildFile; fileRef = 2BA869F7218460060080BFB8 /* validate_instruction.cpp */; settings = {COMPILER_FLAGS = "-I ../testing/external/spirv-tools-markv"; }; };
		2BA86A1C218460070080BFB8 /* validate_ext_inst.cpp in Sources */ = {isa = PBXBuildFile; fileRef = 2BA869F8218460060080BFB8 /* validate_ext_inst.cpp */; settings = {COMPILER_FLAGS = "-I ../testing/external/spirv-tools-markv"; }; };
		2BA86A1D218460070080BFB8 /* validate_function.cpp in Sources */ = {isa = PBXBuildFile; fileRef = 2BA869F9218460060080BFB8 /* validate_function.cpp */; settings = {COMPILER_FLAGS = "-I ../testing/external/spirv-tools-markv"; }; };
		2BA86A1E218460070080BFB8 /* validate_id.cpp in Sources */ = {isa = PBXBuildFile; fileRef = 2BA869FA218460060080BFB8 /* validate_id.cpp */; settings = {COMPILER_FLAGS = "-I ../testing/external/spirv-tools-markv"; }; };
		2BA86A1F218460070080BFB8 /* validate_decorations.cpp in Sources */ = {isa = PBXBuildFile; fileRef = 2BA869FB218460060080BFB8 /* validate_decorations.cpp */; settings = {COMPILER_FLAGS = "-I ../testing/external/spirv-tools-markv"; }; };
		2BA86A20218460070080BFB8 /* validate_logicals.cpp in Sources */ = {isa = PBXBuildFile; fileRef = 2BA869FC218460060080BFB8 /* validate_logicals.cpp */; settings = {COMPILER_FLAGS = "-I ../testing/external/spirv-tools-markv"; }; };
		2BA86A21218460070080BFB8 /* validate_primitives.cpp in Sources */ = {isa = PBXBuildFile; fileRef = 2BA869FD218460060080BFB8 /* validate_primitives.cpp */; settings = {COMPILER_FLAGS = "-I ../testing/external/spirv-tools-markv"; }; };
		2BA86A22218460070080BFB8 /* validation_state.cpp in Sources */ = {isa = PBXBuildFile; fileRef = 2BA869FE218460060080BFB8 /* validation_state.cpp */; settings = {COMPILER_FLAGS = "-I ../testing/external/spirv-tools-markv"; }; };
		2BA86A23218460070080BFB8 /* basic_block.cpp in Sources */ = {isa = PBXBuildFile; fileRef = 2BA869FF218460060080BFB8 /* basic_block.cpp */; settings = {COMPILER_FLAGS = "-I ../testing/external/spirv-tools-markv"; }; };
		2BA86A24218460070080BFB8 /* validate_layout.cpp in Sources */ = {isa = PBXBuildFile; fileRef = 2BA86A00218460060080BFB8 /* validate_layout.cpp */; settings = {COMPILER_FLAGS = "-I ../testing/external/spirv-tools-markv"; }; };
		2BA86A25218460070080BFB8 /* validate_adjacency.cpp in Sources */ = {isa = PBXBuildFile; fileRef = 2BA86A01218460060080BFB8 /* validate_adjacency.cpp */; settings = {COMPILER_FLAGS = "-I ../testing/external/spirv-tools-markv"; }; };
		2BA86A26218460070080BFB8 /* validate_derivatives.cpp in Sources */ = {isa = PBXBuildFile; fileRef = 2BA86A02218460070080BFB8 /* validate_derivatives.cpp */; settings = {COMPILER_FLAGS = "-I ../testing/external/spirv-tools-markv"; }; };
		2BA86A27218460070080BFB8 /* validate_type.cpp in Sources */ = {isa = PBXBuildFile; fileRef = 2BA86A03218460070080BFB8 /* validate_type.cpp */; settings = {COMPILER_FLAGS = "-I ../testing/external/spirv-tools-markv"; }; };
		2BA86A292184608E0080BFB8 /* spirv_validator_options.cpp in Sources */ = {isa = PBXBuildFile; fileRef = 2BA86A282184608E0080BFB8 /* spirv_validator_options.cpp */; settings = {COMPILER_FLAGS = "-I ../testing/external/spirv-tools-markv"; }; };
		2BA86A2C218460E10080BFB8 /* extensions.cpp in Sources */ = {isa = PBXBuildFile; fileRef = 2BA86A2A218460E10080BFB8 /* extensions.cpp */; settings = {COMPILER_FLAGS = "-I ../testing/external/spirv-tools-markv"; }; };
		2BA86A2D218460E10080BFB8 /* print.cpp in Sources */ = {isa = PBXBuildFile; fileRef = 2BA86A2B218460E10080BFB8 /* print.cpp */; settings = {COMPILER_FLAGS = "-I ../testing/external/spirv-tools-markv"; }; };
		2BA86A2F218461140080BFB8 /* string_utils.cpp in Sources */ = {isa = PBXBuildFile; fileRef = 2BA86A2E218461130080BFB8 /* string_utils.cpp */; settings = {COMPILER_FLAGS = "-I ../testing/external/spirv-tools-markv"; }; };
		2BA86A31218461530080BFB8 /* enum_string_mapping.cpp in Sources */ = {isa = PBXBuildFile; fileRef = 2BA86A30218461520080BFB8 /* enum_string_mapping.cpp */; settings = {COMPILER_FLAGS = "-I ../testing/external/spirv-tools-markv"; }; };
		2BA86A442184635B0080BFB8 /* markv_model_factory.cpp in Sources */ = {isa = PBXBuildFile; fileRef = 2BA86A402184635B0080BFB8 /* markv_model_factory.cpp */; settings = {COMPILER_FLAGS = "-I ../testing/external/spirv-tools-markv"; }; };
		2BA86A452184635B0080BFB8 /* markv_model_shader.cpp in Sources */ = {isa = PBXBuildFile; fileRef = 2BA86A412184635B0080BFB8 /* markv_model_shader.cpp */; settings = {COMPILER_FLAGS = "-I ../testing/external/spirv-tools-markv"; }; };
		2BC453B61D70B20D00DFFF3B /* smolv.cpp in Sources */ = {isa = PBXBuildFile; fileRef = 2BC453B41D70B20D00DFFF3B /* smolv.cpp */; };
		2BC453B91D70B22400DFFF3B /* testmain.cpp in Sources */ = {isa = PBXBuildFile; fileRef = 2BC453B81D70B22400DFFF3B /* testmain.cpp */; settings = {COMPILER_FLAGS = "-I ../testing/external/spirv-tools-markv"; }; };
		2BC4660F1D71849F00DFFF3B /* lz4.c in Sources */ = {isa = PBXBuildFile; fileRef = 2BC4660B1D71849F00DFFF3B /* lz4.c */; };
		2BC466101D71849F00DFFF3B /* lz4hc.c in Sources */ = {isa = PBXBuildFile; fileRef = 2BC4660D1D71849F00DFFF3B /* lz4hc.c */; };
		2BC466241D71877900DFFF3B /* entropy_common.c in Sources */ = {isa = PBXBuildFile; fileRef = 2BC466181D71877900DFFF3B /* entropy_common.c */; };
		2BC466251D71877900DFFF3B /* fse_decompress.c in Sources */ = {isa = PBXBuildFile; fileRef = 2BC4661B1D71877900DFFF3B /* fse_decompress.c */; };
		2BC466271D71877900DFFF3B /* zstd_common.c in Sources */ = {isa = PBXBuildFile; fileRef = 2BC466221D71877900DFFF3B /* zstd_common.c */; };
		2BC466301D71879200DFFF3B /* huf_compress.c in Sources */ = {isa = PBXBuildFile; fileRef = 2BC4662B1D71879200DFFF3B /* huf_compress.c */; };
		2BC466311D71879200DFFF3B /* zbuff_compress.c in Sources */ = {isa = PBXBuildFile; fileRef = 2BC4662C1D71879200DFFF3B /* zbuff_compress.c */; };
		2BC466321D71879200DFFF3B /* zstd_compress.c in Sources */ = {isa = PBXBuildFile; fileRef = 2BC4662D1D71879200DFFF3B /* zstd_compress.c */; };
		2BC466391D7188E300DFFF3B /* fse_compress.c in Sources */ = {isa = PBXBuildFile; fileRef = 2BC4662A1D71879200DFFF3B /* fse_compress.c */; };
		2BC4663A1D7188EE00DFFF3B /* xxhash.c in Sources */ = {isa = PBXBuildFile; fileRef = 2BC4661F1D71877900DFFF3B /* xxhash.c */; };
		2BC4663F1D71D6FE00DFFF3B /* SPVRemapper.cpp in Sources */ = {isa = PBXBuildFile; fileRef = 2BC4663D1D71D6FE00DFFF3B /* SPVRemapper.cpp */; };
		2BC466441D71D80200DFFF3B /* doc.cpp in Sources */ = {isa = PBXBuildFile; fileRef = 2BC466401D71D80200DFFF3B /* doc.cpp */; };
/* End PBXBuildFile section */

/* Begin PBXCopyFilesBuildPhase section */
		2BC453A81D70B1DA00DFFF3B /* CopyFiles */ = {
			isa = PBXCopyFilesBuildPhase;
			buildActionMask = 2147483647;
			dstPath = /usr/share/man/man1/;
			dstSubfolderSpec = 0;
			files = (
			);
			runOnlyForDeploymentPostprocessing = 1;
		};
/* End PBXCopyFilesBuildPhase section */

/* Begin PBXFileReference section */
		2B48E40B1D79CCEB009E1645 /* miniz.c */ = {isa = PBXFileReference; fileEncoding = 4; lastKnownFileType = sourcecode.c.c; name = miniz.c; path = external/miniz/miniz.c; sourceTree = "<group>"; };
		2B48E40D1D79CDBD009E1645 /* miniz.h */ = {isa = PBXFileReference; fileEncoding = 4; lastKnownFileType = sourcecode.c.h; name = miniz.h; path = external/miniz/miniz.h; sourceTree = "<group>"; };
		2BA8698B218453F20080BFB8 /* markv.cpp */ = {isa = PBXFileReference; fileEncoding = 4; lastKnownFileType = sourcecode.cpp.cpp; path = markv.cpp; sourceTree = "<group>"; };
		2BA8698C218453F20080BFB8 /* markv_codec.cpp */ = {isa = PBXFileReference; fileEncoding = 4; lastKnownFileType = sourcecode.cpp.cpp; path = markv_codec.cpp; sourceTree = "<group>"; };
		2BA86990218453F20080BFB8 /* move_to_front.cpp */ = {isa = PBXFileReference; fileEncoding = 4; lastKnownFileType = sourcecode.cpp.cpp; path = move_to_front.cpp; sourceTree = "<group>"; };
		2BA86994218453F20080BFB8 /* bit_stream.cpp */ = {isa = PBXFileReference; fileEncoding = 4; lastKnownFileType = sourcecode.cpp.cpp; path = bit_stream.cpp; sourceTree = "<group>"; };
		2BA86997218453F20080BFB8 /* markv_decoder.cpp */ = {isa = PBXFileReference; fileEncoding = 4; lastKnownFileType = sourcecode.cpp.cpp; path = markv_decoder.cpp; sourceTree = "<group>"; };
		2BA86998218453F20080BFB8 /* markv_encoder.cpp */ = {isa = PBXFileReference; fileEncoding = 4; lastKnownFileType = sourcecode.cpp.cpp; path = markv_encoder.cpp; sourceTree = "<group>"; };
		2BA869A1218457330080BFB8 /* opcode.cpp */ = {isa = PBXFileReference; fileEncoding = 4; lastKnownFileType = sourcecode.cpp.cpp; path = opcode.cpp; sourceTree = "<group>"; };
		2BA869A2218457330080BFB8 /* assembly_grammar.cpp */ = {isa = PBXFileReference; fileEncoding = 4; lastKnownFileType = sourcecode.cpp.cpp; path = assembly_grammar.cpp; sourceTree = "<group>"; };
		2BA869A3218457340080BFB8 /* binary.cpp */ = {isa = PBXFileReference; fileEncoding = 4; lastKnownFileType = sourcecode.cpp.cpp; path = binary.cpp; sourceTree = "<group>"; };
		2BA869AD218457340080BFB8 /* diagnostic.cpp */ = {isa = PBXFileReference; fileEncoding = 4; lastKnownFileType = sourcecode.cpp.cpp; path = diagnostic.cpp; sourceTree = "<group>"; };
		2BA869B7218457EA0080BFB8 /* spirv_endian.cpp */ = {isa = PBXFileReference; fileEncoding = 4; lastKnownFileType = sourcecode.cpp.cpp; path = spirv_endian.cpp; sourceTree = "<group>"; };
		2BA869B9218457EA0080BFB8 /* operand.cpp */ = {isa = PBXFileReference; fileEncoding = 4; lastKnownFileType = sourcecode.cpp.cpp; path = operand.cpp; sourceTree = "<group>"; };
		2BA869BC218457EA0080BFB8 /* spirv_target_env.cpp */ = {isa = PBXFileReference; fileEncoding = 4; lastKnownFileType = sourcecode.cpp.cpp; path = spirv_target_env.cpp; sourceTree = "<group>"; };
		2BA869C1218458490080BFB8 /* text.cpp */ = {isa = PBXFileReference; fileEncoding = 4; lastKnownFileType = sourcecode.cpp.cpp; path = text.cpp; sourceTree = "<group>"; };
		2BA869C3218458A10080BFB8 /* text_handler.cpp */ = {isa = PBXFileReference; fileEncoding = 4; lastKnownFileType = sourcecode.cpp.cpp; path = text_handler.cpp; sourceTree = "<group>"; };
		2BA869C6218459010080BFB8 /* ext_inst.cpp */ = {isa = PBXFileReference; fileEncoding = 4; lastKnownFileType = sourcecode.cpp.cpp; path = ext_inst.cpp; sourceTree = "<group>"; };
		2BA869C8218459B50080BFB8 /* id_descriptor.cpp */ = {isa = PBXFileReference; fileEncoding = 4; lastKnownFileType = sourcecode.cpp.cpp; path = id_descriptor.cpp; sourceTree = "<group>"; };
		2BA869CB218459F80080BFB8 /* disassemble.cpp */ = {isa = PBXFileReference; fileEncoding = 4; lastKnownFileType = sourcecode.cpp.cpp; path = disassemble.cpp; sourceTree = "<group>"; };
		2BA869CD21845B8D0080BFB8 /* parsed_operand.cpp */ = {isa = PBXFileReference; fileEncoding = 4; lastKnownFileType = sourcecode.cpp.cpp; path = parsed_operand.cpp; sourceTree = "<group>"; };
		2BA869CF21845BAE0080BFB8 /* name_mapper.cpp */ = {isa = PBXFileReference; fileEncoding = 4; lastKnownFileType = sourcecode.cpp.cpp; path = name_mapper.cpp; sourceTree = "<group>"; };
		2BA869D121845BDF0080BFB8 /* table.cpp */ = {isa = PBXFileReference; fileEncoding = 4; lastKnownFileType = sourcecode.cpp.cpp; path = table.cpp; sourceTree = "<group>"; };
		2BA869D421845C420080BFB8 /* parse_number.cpp */ = {isa = PBXFileReference; fileEncoding = 4; lastKnownFileType = sourcecode.cpp.cpp; path = parse_number.cpp; sourceTree = "<group>"; };
		2BA869D721845C840080BFB8 /* validate.cpp */ = {isa = PBXFileReference; fileEncoding = 4; lastKnownFileType = sourcecode.cpp.cpp; path = validate.cpp; sourceTree = "<group>"; };
		2BA869D9218460040080BFB8 /* function.cpp */ = {isa = PBXFileReference; fileEncoding = 4; lastKnownFileType = sourcecode.cpp.cpp; path = function.cpp; sourceTree = "<group>"; };
		2BA869DA218460040080BFB8 /* basic_block.h */ = {isa = PBXFileReference; fileEncoding = 4; lastKnownFileType = sourcecode.c.h; path = basic_block.h; sourceTree = "<group>"; };
		2BA869DB218460040080BFB8 /* validate_arithmetics.cpp */ = {isa = PBXFileReference; fileEncoding = 4; lastKnownFileType = sourcecode.cpp.cpp; path = validate_arithmetics.cpp; sourceTree = "<group>"; };
		2BA869DC218460040080BFB8 /* decoration.h */ = {isa = PBXFileReference; fileEncoding = 4; lastKnownFileType = sourcecode.c.h; path = decoration.h; sourceTree = "<group>"; };
		2BA869DD218460040080BFB8 /* validate_atomics.cpp */ = {isa = PBXFileReference; fileEncoding = 4; lastKnownFileType = sourcecode.cpp.cpp; path = validate_atomics.cpp; sourceTree = "<group>"; };
		2BA869DE218460040080BFB8 /* validate_bitwise.cpp */ = {isa = PBXFileReference; fileEncoding = 4; lastKnownFileType = sourcecode.cpp.cpp; path = validate_bitwise.cpp; sourceTree = "<group>"; };
		2BA869DF218460040080BFB8 /* validate_builtins.cpp */ = {isa = PBXFileReference; fileEncoding = 4; lastKnownFileType = sourcecode.cpp.cpp; path = validate_builtins.cpp; sourceTree = "<group>"; };
		2BA869E0218460040080BFB8 /* validate_constants.cpp */ = {isa = PBXFileReference; fileEncoding = 4; lastKnownFileType = sourcecode.cpp.cpp; path = validate_constants.cpp; sourceTree = "<group>"; };
		2BA869E1218460040080BFB8 /* validate_datarules.cpp */ = {isa = PBXFileReference; fileEncoding = 4; lastKnownFileType = sourcecode.cpp.cpp; path = validate_datarules.cpp; sourceTree = "<group>"; };
		2BA869E2218460040080BFB8 /* validate_execution_limitations.cpp */ = {isa = PBXFileReference; fileEncoding = 4; lastKnownFileType = sourcecode.cpp.cpp; path = validate_execution_limitations.cpp; sourceTree = "<group>"; };
		2BA869E3218460040080BFB8 /* validate_image.cpp */ = {isa = PBXFileReference; fileEncoding = 4; lastKnownFileType = sourcecode.cpp.cpp; path = validate_image.cpp; sourceTree = "<group>"; };
		2BA869E4218460040080BFB8 /* validate_interfaces.cpp */ = {isa = PBXFileReference; fileEncoding = 4; lastKnownFileType = sourcecode.cpp.cpp; path = validate_interfaces.cpp; sourceTree = "<group>"; };
		2BA869E5218460040080BFB8 /* validate_memory.cpp */ = {isa = PBXFileReference; fileEncoding = 4; lastKnownFileType = sourcecode.cpp.cpp; path = validate_memory.cpp; sourceTree = "<group>"; };
		2BA869E6218460040080BFB8 /* validate_mode_setting.cpp */ = {isa = PBXFileReference; fileEncoding = 4; lastKnownFileType = sourcecode.cpp.cpp; path = validate_mode_setting.cpp; sourceTree = "<group>"; };
		2BA869E7218460040080BFB8 /* validate_literals.cpp */ = {isa = PBXFileReference; fileEncoding = 4; lastKnownFileType = sourcecode.cpp.cpp; path = validate_literals.cpp; sourceTree = "<group>"; };
		2BA869E8218460040080BFB8 /* validate_non_uniform.cpp */ = {isa = PBXFileReference; fileEncoding = 4; lastKnownFileType = sourcecode.cpp.cpp; path = validate_non_uniform.cpp; sourceTree = "<group>"; };
		2BA869E9218460050080BFB8 /* construct.cpp */ = {isa = PBXFileReference; fileEncoding = 4; lastKnownFileType = sourcecode.cpp.cpp; path = construct.cpp; sourceTree = "<group>"; };
		2BA869EA218460050080BFB8 /* construct.h */ = {isa = PBXFileReference; fileEncoding = 4; lastKnownFileType = sourcecode.c.h; path = construct.h; sourceTree = "<group>"; };
		2BA869EB218460050080BFB8 /* function.h */ = {isa = PBXFileReference; fileEncoding = 4; lastKnownFileType = sourcecode.c.h; path = function.h; sourceTree = "<group>"; };
		2BA869EC218460050080BFB8 /* validate_barriers.cpp */ = {isa = PBXFileReference; fileEncoding = 4; lastKnownFileType = sourcecode.cpp.cpp; path = validate_barriers.cpp; sourceTree = "<group>"; };
		2BA869ED218460050080BFB8 /* validate_cfg.cpp */ = {isa = PBXFileReference; fileEncoding = 4; lastKnownFileType = sourcecode.cpp.cpp; path = validate_cfg.cpp; sourceTree = "<group>"; };
		2BA869EE218460050080BFB8 /* validate_composites.cpp */ = {isa = PBXFileReference; fileEncoding = 4; lastKnownFileType = sourcecode.cpp.cpp; path = validate_composites.cpp; sourceTree = "<group>"; };
		2BA869EF218460050080BFB8 /* validate_conversion.cpp */ = {isa = PBXFileReference; fileEncoding = 4; lastKnownFileType = sourcecode.cpp.cpp; path = validate_conversion.cpp; sourceTree = "<group>"; };
		2BA869F0218460050080BFB8 /* validate.h */ = {isa = PBXFileReference; fileEncoding = 4; lastKnownFileType = sourcecode.c.h; path = validate.h; sourceTree = "<group>"; };
		2BA869F1218460050080BFB8 /* instruction.h */ = {isa = PBXFileReference; fileEncoding = 4; lastKnownFileType = sourcecode.c.h; path = instruction.h; sourceTree = "<group>"; };
		2BA869F2218460050080BFB8 /* validation_state.h */ = {isa = PBXFileReference; fileEncoding = 4; lastKnownFileType = sourcecode.c.h; path = validation_state.h; sourceTree = "<group>"; };
		2BA869F3218460050080BFB8 /* validate_annotation.cpp */ = {isa = PBXFileReference; fileEncoding = 4; lastKnownFileType = sourcecode.cpp.cpp; path = validate_annotation.cpp; sourceTree = "<group>"; };
		2BA869F4218460060080BFB8 /* validate_capability.cpp */ = {isa = PBXFileReference; fileEncoding = 4; lastKnownFileType = sourcecode.cpp.cpp; path = validate_capability.cpp; sourceTree = "<group>"; };
		2BA869F5218460060080BFB8 /* validate_debug.cpp */ = {isa = PBXFileReference; fileEncoding = 4; lastKnownFileType = sourcecode.cpp.cpp; path = validate_debug.cpp; sourceTree = "<group>"; };
		2BA869F6218460060080BFB8 /* instruction.cpp */ = {isa = PBXFileReference; fileEncoding = 4; lastKnownFileType = sourcecode.cpp.cpp; path = instruction.cpp; sourceTree = "<group>"; };
		2BA869F7218460060080BFB8 /* validate_instruction.cpp */ = {isa = PBXFileReference; fileEncoding = 4; lastKnownFileType = sourcecode.cpp.cpp; path = validate_instruction.cpp; sourceTree = "<group>"; };
		2BA869F8218460060080BFB8 /* validate_ext_inst.cpp */ = {isa = PBXFileReference; fileEncoding = 4; lastKnownFileType = sourcecode.cpp.cpp; path = validate_ext_inst.cpp; sourceTree = "<group>"; };
		2BA869F9218460060080BFB8 /* validate_function.cpp */ = {isa = PBXFileReference; fileEncoding = 4; lastKnownFileType = sourcecode.cpp.cpp; path = validate_function.cpp; sourceTree = "<group>"; };
		2BA869FA218460060080BFB8 /* validate_id.cpp */ = {isa = PBXFileReference; fileEncoding = 4; lastKnownFileType = sourcecode.cpp.cpp; path = validate_id.cpp; sourceTree = "<group>"; };
		2BA869FB218460060080BFB8 /* validate_decorations.cpp */ = {isa = PBXFileReference; fileEncoding = 4; lastKnownFileType = sourcecode.cpp.cpp; path = validate_decorations.cpp; sourceTree = "<group>"; };
		2BA869FC218460060080BFB8 /* validate_logicals.cpp */ = {isa = PBXFileReference; fileEncoding = 4; lastKnownFileType = sourcecode.cpp.cpp; path = validate_logicals.cpp; sourceTree = "<group>"; };
		2BA869FD218460060080BFB8 /* validate_primitives.cpp */ = {isa = PBXFileReference; fileEncoding = 4; lastKnownFileType = sourcecode.cpp.cpp; path = validate_primitives.cpp; sourceTree = "<group>"; };
		2BA869FE218460060080BFB8 /* validation_state.cpp */ = {isa = PBXFileReference; fileEncoding = 4; lastKnownFileType = sourcecode.cpp.cpp; path = validation_state.cpp; sourceTree = "<group>"; };
		2BA869FF218460060080BFB8 /* basic_block.cpp */ = {isa = PBXFileReference; fileEncoding = 4; lastKnownFileType = sourcecode.cpp.cpp; path = basic_block.cpp; sourceTree = "<group>"; };
		2BA86A00218460060080BFB8 /* validate_layout.cpp */ = {isa = PBXFileReference; fileEncoding = 4; lastKnownFileType = sourcecode.cpp.cpp; path = validate_layout.cpp; sourceTree = "<group>"; };
		2BA86A01218460060080BFB8 /* validate_adjacency.cpp */ = {isa = PBXFileReference; fileEncoding = 4; lastKnownFileType = sourcecode.cpp.cpp; path = validate_adjacency.cpp; sourceTree = "<group>"; };
		2BA86A02218460070080BFB8 /* validate_derivatives.cpp */ = {isa = PBXFileReference; fileEncoding = 4; lastKnownFileType = sourcecode.cpp.cpp; path = validate_derivatives.cpp; sourceTree = "<group>"; };
		2BA86A03218460070080BFB8 /* validate_type.cpp */ = {isa = PBXFileReference; fileEncoding = 4; lastKnownFileType = sourcecode.cpp.cpp; path = validate_type.cpp; sourceTree = "<group>"; };
		2BA86A282184608E0080BFB8 /* spirv_validator_options.cpp */ = {isa = PBXFileReference; fileEncoding = 4; lastKnownFileType = sourcecode.cpp.cpp; path = spirv_validator_options.cpp; sourceTree = "<group>"; };
		2BA86A2A218460E10080BFB8 /* extensions.cpp */ = {isa = PBXFileReference; fileEncoding = 4; lastKnownFileType = sourcecode.cpp.cpp; path = extensions.cpp; sourceTree = "<group>"; };
		2BA86A2B218460E10080BFB8 /* print.cpp */ = {isa = PBXFileReference; fileEncoding = 4; lastKnownFileType = sourcecode.cpp.cpp; path = print.cpp; sourceTree = "<group>"; };
		2BA86A2E218461130080BFB8 /* string_utils.cpp */ = {isa = PBXFileReference; fileEncoding = 4; lastKnownFileType = sourcecode.cpp.cpp; path = string_utils.cpp; sourceTree = "<group>"; };
		2BA86A30218461520080BFB8 /* enum_string_mapping.cpp */ = {isa = PBXFileReference; fileEncoding = 4; lastKnownFileType = sourcecode.cpp.cpp; path = enum_string_mapping.cpp; sourceTree = "<group>"; };
		2BA86A32218462100080BFB8 /* bit_stream.h */ = {isa = PBXFileReference; fileEncoding = 4; lastKnownFileType = sourcecode.c.h; path = bit_stream.h; sourceTree = "<group>"; };
		2BA86A33218462100080BFB8 /* markv_codec.h */ = {isa = PBXFileReference; fileEncoding = 4; lastKnownFileType = sourcecode.c.h; path = markv_codec.h; sourceTree = "<group>"; };
		2BA86A34218462110080BFB8 /* markv.h */ = {isa = PBXFileReference; fileEncoding = 4; lastKnownFileType = sourcecode.c.h; path = markv.h; sourceTree = "<group>"; };
		2BA86A35218462110080BFB8 /* markv_logger.h */ = {isa = PBXFileReference; fileEncoding = 4; lastKnownFileType = sourcecode.c.h; path = markv_logger.h; sourceTree = "<group>"; };
		2BA86A36218462110080BFB8 /* huffman_codec.h */ = {isa = PBXFileReference; fileEncoding = 4; lastKnownFileType = sourcecode.c.h; path = huffman_codec.h; sourceTree = "<group>"; };
		2BA86A37218462110080BFB8 /* markv_encoder.h */ = {isa = PBXFileReference; fileEncoding = 4; lastKnownFileType = sourcecode.c.h; path = markv_encoder.h; sourceTree = "<group>"; };
		2BA86A38218462110080BFB8 /* markv_model.h */ = {isa = PBXFileReference; fileEncoding = 4; lastKnownFileType = sourcecode.c.h; path = markv_model.h; sourceTree = "<group>"; };
		2BA86A39218462110080BFB8 /* move_to_front.h */ = {isa = PBXFileReference; fileEncoding = 4; lastKnownFileType = sourcecode.c.h; path = move_to_front.h; sourceTree = "<group>"; };
		2BA86A3A218462110080BFB8 /* markv_decoder.h */ = {isa = PBXFileReference; fileEncoding = 4; lastKnownFileType = sourcecode.c.h; path = markv_decoder.h; sourceTree = "<group>"; };
		2BA86A3E2184635B0080BFB8 /* markv_model_factory.h */ = {isa = PBXFileReference; fileEncoding = 4; lastKnownFileType = sourcecode.c.h; path = markv_model_factory.h; sourceTree = "<group>"; };
		2BA86A3F2184635B0080BFB8 /* markv_model_shader_default_autogen.inc */ = {isa = PBXFileReference; fileEncoding = 4; lastKnownFileType = sourcecode.pascal; path = markv_model_shader_default_autogen.inc; sourceTree = "<group>"; };
		2BA86A402184635B0080BFB8 /* markv_model_factory.cpp */ = {isa = PBXFileReference; fileEncoding = 4; lastKnownFileType = sourcecode.cpp.cpp; path = markv_model_factory.cpp; sourceTree = "<group>"; };
		2BA86A412184635B0080BFB8 /* markv_model_shader.cpp */ = {isa = PBXFileReference; fileEncoding = 4; lastKnownFileType = sourcecode.cpp.cpp; path = markv_model_shader.cpp; sourceTree = "<group>"; };
		2BA86A422184635B0080BFB8 /* markv_model_shader.h */ = {isa = PBXFileReference; fileEncoding = 4; lastKnownFileType = sourcecode.c.h; path = markv_model_shader.h; sourceTree = "<group>"; };
		2BA86A4621849ED00080BFB8 /* sokol_time.h */ = {isa = PBXFileReference; fileEncoding = 4; lastKnownFileType = sourcecode.c.h; name = sokol_time.h; path = external/sokol_time.h; sourceTree = "<group>"; };
		2BC453AA1D70B1DA00DFFF3B /* smolv */ = {isa = PBXFileReference; explicitFileType = "compiled.mach-o.executable"; includeInIndex = 0; path = smolv; sourceTree = BUILT_PRODUCTS_DIR; };
		2BC453B41D70B20D00DFFF3B /* smolv.cpp */ = {isa = PBXFileReference; fileEncoding = 4; lastKnownFileType = sourcecode.cpp.cpp; path = smolv.cpp; sourceTree = "<group>"; };
		2BC453B51D70B20D00DFFF3B /* smolv.h */ = {isa = PBXFileReference; fileEncoding = 4; lastKnownFileType = sourcecode.c.h; path = smolv.h; sourceTree = "<group>"; };
		2BC453B81D70B22400DFFF3B /* testmain.cpp */ = {isa = PBXFileReference; fileEncoding = 4; lastKnownFileType = sourcecode.cpp.cpp; path = testmain.cpp; sourceTree = "<group>"; };
		2BC4660B1D71849F00DFFF3B /* lz4.c */ = {isa = PBXFileReference; fileEncoding = 4; lastKnownFileType = sourcecode.c.c; name = lz4.c; path = external/lz4/lz4.c; sourceTree = "<group>"; };
		2BC4660C1D71849F00DFFF3B /* lz4.h */ = {isa = PBXFileReference; fileEncoding = 4; lastKnownFileType = sourcecode.c.h; name = lz4.h; path = external/lz4/lz4.h; sourceTree = "<group>"; };
		2BC4660D1D71849F00DFFF3B /* lz4hc.c */ = {isa = PBXFileReference; fileEncoding = 4; lastKnownFileType = sourcecode.c.c; name = lz4hc.c; path = external/lz4/lz4hc.c; sourceTree = "<group>"; };
		2BC4660E1D71849F00DFFF3B /* lz4hc.h */ = {isa = PBXFileReference; fileEncoding = 4; lastKnownFileType = sourcecode.c.h; name = lz4hc.h; path = external/lz4/lz4hc.h; sourceTree = "<group>"; };
		2BC466121D71855200DFFF3B /* zstd.h */ = {isa = PBXFileReference; fileEncoding = 4; lastKnownFileType = sourcecode.c.h; name = zstd.h; path = external/zstd/zstd.h; sourceTree = "<group>"; };
		2BC466171D71877900DFFF3B /* bitstream.h */ = {isa = PBXFileReference; fileEncoding = 4; lastKnownFileType = sourcecode.c.h; name = bitstream.h; path = external/zstd/common/bitstream.h; sourceTree = "<group>"; };
		2BC466181D71877900DFFF3B /* entropy_common.c */ = {isa = PBXFileReference; fileEncoding = 4; lastKnownFileType = sourcecode.c.c; name = entropy_common.c; path = external/zstd/common/entropy_common.c; sourceTree = "<group>"; };
		2BC466191D71877900DFFF3B /* error_private.h */ = {isa = PBXFileReference; fileEncoding = 4; lastKnownFileType = sourcecode.c.h; name = error_private.h; path = external/zstd/common/error_private.h; sourceTree = "<group>"; };
		2BC4661A1D71877900DFFF3B /* error_public.h */ = {isa = PBXFileReference; fileEncoding = 4; lastKnownFileType = sourcecode.c.h; name = error_public.h; path = external/zstd/common/error_public.h; sourceTree = "<group>"; };
		2BC4661B1D71877900DFFF3B /* fse_decompress.c */ = {isa = PBXFileReference; fileEncoding = 4; lastKnownFileType = sourcecode.c.c; name = fse_decompress.c; path = external/zstd/common/fse_decompress.c; sourceTree = "<group>"; };
		2BC4661C1D71877900DFFF3B /* fse.h */ = {isa = PBXFileReference; fileEncoding = 4; lastKnownFileType = sourcecode.c.h; name = fse.h; path = external/zstd/common/fse.h; sourceTree = "<group>"; };
		2BC4661D1D71877900DFFF3B /* huf.h */ = {isa = PBXFileReference; fileEncoding = 4; lastKnownFileType = sourcecode.c.h; name = huf.h; path = external/zstd/common/huf.h; sourceTree = "<group>"; };
		2BC4661E1D71877900DFFF3B /* mem.h */ = {isa = PBXFileReference; fileEncoding = 4; lastKnownFileType = sourcecode.c.h; name = mem.h; path = external/zstd/common/mem.h; sourceTree = "<group>"; };
		2BC4661F1D71877900DFFF3B /* xxhash.c */ = {isa = PBXFileReference; fileEncoding = 4; lastKnownFileType = sourcecode.c.c; name = xxhash.c; path = external/zstd/common/xxhash.c; sourceTree = "<group>"; };
		2BC466201D71877900DFFF3B /* xxhash.h */ = {isa = PBXFileReference; fileEncoding = 4; lastKnownFileType = sourcecode.c.h; name = xxhash.h; path = external/zstd/common/xxhash.h; sourceTree = "<group>"; };
		2BC466211D71877900DFFF3B /* zbuff.h */ = {isa = PBXFileReference; fileEncoding = 4; lastKnownFileType = sourcecode.c.h; name = zbuff.h; path = external/zstd/common/zbuff.h; sourceTree = "<group>"; };
		2BC466221D71877900DFFF3B /* zstd_common.c */ = {isa = PBXFileReference; fileEncoding = 4; lastKnownFileType = sourcecode.c.c; name = zstd_common.c; path = external/zstd/common/zstd_common.c; sourceTree = "<group>"; };
		2BC466231D71877900DFFF3B /* zstd_internal.h */ = {isa = PBXFileReference; fileEncoding = 4; lastKnownFileType = sourcecode.c.h; name = zstd_internal.h; path = external/zstd/common/zstd_internal.h; sourceTree = "<group>"; };
		2BC4662A1D71879200DFFF3B /* fse_compress.c */ = {isa = PBXFileReference; fileEncoding = 4; lastKnownFileType = sourcecode.c.c; name = fse_compress.c; path = external/zstd/compress/fse_compress.c; sourceTree = "<group>"; };
		2BC4662B1D71879200DFFF3B /* huf_compress.c */ = {isa = PBXFileReference; fileEncoding = 4; lastKnownFileType = sourcecode.c.c; name = huf_compress.c; path = external/zstd/compress/huf_compress.c; sourceTree = "<group>"; };
		2BC4662C1D71879200DFFF3B /* zbuff_compress.c */ = {isa = PBXFileReference; fileEncoding = 4; lastKnownFileType = sourcecode.c.c; name = zbuff_compress.c; path = external/zstd/compress/zbuff_compress.c; sourceTree = "<group>"; };
		2BC4662D1D71879200DFFF3B /* zstd_compress.c */ = {isa = PBXFileReference; fileEncoding = 4; lastKnownFileType = sourcecode.c.c; name = zstd_compress.c; path = external/zstd/compress/zstd_compress.c; sourceTree = "<group>"; };
		2BC4662E1D71879200DFFF3B /* zstd_opt.h */ = {isa = PBXFileReference; fileEncoding = 4; lastKnownFileType = sourcecode.c.h; name = zstd_opt.h; path = external/zstd/compress/zstd_opt.h; sourceTree = "<group>"; };
		2BC4663D1D71D6FE00DFFF3B /* SPVRemapper.cpp */ = {isa = PBXFileReference; fileEncoding = 4; lastKnownFileType = sourcecode.cpp.cpp; name = SPVRemapper.cpp; path = external/glslang/SPIRV/SPVRemapper.cpp; sourceTree = "<group>"; };
		2BC4663E1D71D6FE00DFFF3B /* SPVRemapper.h */ = {isa = PBXFileReference; fileEncoding = 4; lastKnownFileType = sourcecode.c.h; name = SPVRemapper.h; path = external/glslang/SPIRV/SPVRemapper.h; sourceTree = "<group>"; };
		2BC466401D71D80200DFFF3B /* doc.cpp */ = {isa = PBXFileReference; fileEncoding = 4; lastKnownFileType = sourcecode.cpp.cpp; name = doc.cpp; path = external/glslang/SPIRV/doc.cpp; sourceTree = "<group>"; };
		2BC466411D71D80200DFFF3B /* doc.h */ = {isa = PBXFileReference; fileEncoding = 4; lastKnownFileType = sourcecode.c.h; name = doc.h; path = external/glslang/SPIRV/doc.h; sourceTree = "<group>"; };
		2BC466421D71D80200DFFF3B /* spirv.hpp */ = {isa = PBXFileReference; fileEncoding = 4; lastKnownFileType = sourcecode.cpp.h; name = spirv.hpp; path = external/glslang/SPIRV/spirv.hpp; sourceTree = "<group>"; };
		2BC466431D71D80200DFFF3B /* spvIR.h */ = {isa = PBXFileReference; fileEncoding = 4; lastKnownFileType = sourcecode.c.h; name = spvIR.h; path = external/glslang/SPIRV/spvIR.h; sourceTree = "<group>"; };
/* End PBXFileReference section */

/* Begin PBXFrameworksBuildPhase section */
		2BC453A71D70B1DA00DFFF3B /* Frameworks */ = {
			isa = PBXFrameworksBuildPhase;
			buildActionMask = 2147483647;
			files = (
			);
			runOnlyForDeploymentPostprocessing = 0;
		};
/* End PBXFrameworksBuildPhase section */

/* Begin PBXGroup section */
		2B48E40A1D79CCE1009E1645 /* miniz */ = {
			isa = PBXGroup;
			children = (
				2B48E40D1D79CDBD009E1645 /* miniz.h */,
				2B48E40B1D79CCEB009E1645 /* miniz.c */,
			);
			name = miniz;
			sourceTree = "<group>";
		};
		2BA86987218453CC0080BFB8 /* spirv-tools-markv */ = {
			isa = PBXGroup;
			children = (
				2BA86A3B2184632D0080BFB8 /* tools */,
				2BA86988218453DA0080BFB8 /* source */,
			);
			name = "spirv-tools-markv";
			path = "external/spirv-tools-markv";
			sourceTree = "<group>";
		};
		2BA86988218453DA0080BFB8 /* source */ = {
			isa = PBXGroup;
			children = (
				2BA86A30218461520080BFB8 /* enum_string_mapping.cpp */,
				2BA86A2A218460E10080BFB8 /* extensions.cpp */,
				2BA86A2B218460E10080BFB8 /* print.cpp */,
				2BA86A282184608E0080BFB8 /* spirv_validator_options.cpp */,
				2BA869D621845C600080BFB8 /* val */,
				2BA869D321845C210080BFB8 /* util */,
				2BA869D121845BDF0080BFB8 /* table.cpp */,
				2BA869CF21845BAE0080BFB8 /* name_mapper.cpp */,
				2BA869CD21845B8D0080BFB8 /* parsed_operand.cpp */,
				2BA869CB218459F80080BFB8 /* disassemble.cpp */,
				2BA869C8218459B50080BFB8 /* id_descriptor.cpp */,
				2BA869C6218459010080BFB8 /* ext_inst.cpp */,
				2BA869C3218458A10080BFB8 /* text_handler.cpp */,
				2BA869C1218458490080BFB8 /* text.cpp */,
				2BA869B9218457EA0080BFB8 /* operand.cpp */,
				2BA869B7218457EA0080BFB8 /* spirv_endian.cpp */,
				2BA869BC218457EA0080BFB8 /* spirv_target_env.cpp */,
				2BA869A2218457330080BFB8 /* assembly_grammar.cpp */,
				2BA869A3218457340080BFB8 /* binary.cpp */,
				2BA869AD218457340080BFB8 /* diagnostic.cpp */,
				2BA869A1218457330080BFB8 /* opcode.cpp */,
				2BA86989218453E20080BFB8 /* comp */,
			);
			path = source;
			sourceTree = "<group>";
		};
		2BA86989218453E20080BFB8 /* comp */ = {
			isa = PBXGroup;
			children = (
				2BA86A32218462100080BFB8 /* bit_stream.h */,
				2BA86A36218462110080BFB8 /* huffman_codec.h */,
				2BA86A33218462100080BFB8 /* markv_codec.h */,
				2BA86A3A218462110080BFB8 /* markv_decoder.h */,
				2BA86A37218462110080BFB8 /* markv_encoder.h */,
				2BA86A35218462110080BFB8 /* markv_logger.h */,
				2BA86A38218462110080BFB8 /* markv_model.h */,
				2BA86A34218462110080BFB8 /* markv.h */,
				2BA86A39218462110080BFB8 /* move_to_front.h */,
				2BA86994218453F20080BFB8 /* bit_stream.cpp */,
				2BA8698C218453F20080BFB8 /* markv_codec.cpp */,
				2BA86997218453F20080BFB8 /* markv_decoder.cpp */,
				2BA86998218453F20080BFB8 /* markv_encoder.cpp */,
				2BA8698B218453F20080BFB8 /* markv.cpp */,
				2BA86990218453F20080BFB8 /* move_to_front.cpp */,
			);
			path = comp;
			sourceTree = "<group>";
		};
		2BA869D321845C210080BFB8 /* util */ = {
			isa = PBXGroup;
			children = (
				2BA86A2E218461130080BFB8 /* string_utils.cpp */,
				2BA869D421845C420080BFB8 /* parse_number.cpp */,
			);
			path = util;
			sourceTree = "<group>";
		};
		2BA869D621845C600080BFB8 /* val */ = {
			isa = PBXGroup;
			children = (
				2BA869FF218460060080BFB8 /* basic_block.cpp */,
				2BA869DA218460040080BFB8 /* basic_block.h */,
				2BA869E9218460050080BFB8 /* construct.cpp */,
				2BA869EA218460050080BFB8 /* construct.h */,
				2BA869DC218460040080BFB8 /* decoration.h */,
				2BA869D9218460040080BFB8 /* function.cpp */,
				2BA869EB218460050080BFB8 /* function.h */,
				2BA869F6218460060080BFB8 /* instruction.cpp */,
				2BA869F1218460050080BFB8 /* instruction.h */,
				2BA86A01218460060080BFB8 /* validate_adjacency.cpp */,
				2BA869F3218460050080BFB8 /* validate_annotation.cpp */,
				2BA869DB218460040080BFB8 /* validate_arithmetics.cpp */,
				2BA869DD218460040080BFB8 /* validate_atomics.cpp */,
				2BA869EC218460050080BFB8 /* validate_barriers.cpp */,
				2BA869DE218460040080BFB8 /* validate_bitwise.cpp */,
				2BA869DF218460040080BFB8 /* validate_builtins.cpp */,
				2BA869F4218460060080BFB8 /* validate_capability.cpp */,
				2BA869ED218460050080BFB8 /* validate_cfg.cpp */,
				2BA869EE218460050080BFB8 /* validate_composites.cpp */,
				2BA869E0218460040080BFB8 /* validate_constants.cpp */,
				2BA869EF218460050080BFB8 /* validate_conversion.cpp */,
				2BA869E1218460040080BFB8 /* validate_datarules.cpp */,
				2BA869F5218460060080BFB8 /* validate_debug.cpp */,
				2BA869FB218460060080BFB8 /* validate_decorations.cpp */,
				2BA86A02218460070080BFB8 /* validate_derivatives.cpp */,
				2BA869E2218460040080BFB8 /* validate_execution_limitations.cpp */,
				2BA869F8218460060080BFB8 /* validate_ext_inst.cpp */,
				2BA869F9218460060080BFB8 /* validate_function.cpp */,
				2BA869FA218460060080BFB8 /* validate_id.cpp */,
				2BA869E3218460040080BFB8 /* validate_image.cpp */,
				2BA869F7218460060080BFB8 /* validate_instruction.cpp */,
				2BA869E4218460040080BFB8 /* validate_interfaces.cpp */,
				2BA86A00218460060080BFB8 /* validate_layout.cpp */,
				2BA869E7218460040080BFB8 /* validate_literals.cpp */,
				2BA869FC218460060080BFB8 /* validate_logicals.cpp */,
				2BA869E5218460040080BFB8 /* validate_memory.cpp */,
				2BA869E6218460040080BFB8 /* validate_mode_setting.cpp */,
				2BA869E8218460040080BFB8 /* validate_non_uniform.cpp */,
				2BA869FD218460060080BFB8 /* validate_primitives.cpp */,
				2BA86A03218460070080BFB8 /* validate_type.cpp */,
				2BA869F0218460050080BFB8 /* validate.h */,
				2BA869FE218460060080BFB8 /* validation_state.cpp */,
				2BA869F2218460050080BFB8 /* validation_state.h */,
				2BA869D721845C840080BFB8 /* validate.cpp */,
			);
			path = val;
			sourceTree = "<group>";
		};
		2BA86A3B2184632D0080BFB8 /* tools */ = {
			isa = PBXGroup;
			children = (
				2BA86A3D218463470080BFB8 /* comp */,
			);
			path = tools;
			sourceTree = "<group>";
		};
		2BA86A3D218463470080BFB8 /* comp */ = {
			isa = PBXGroup;
			children = (
				2BA86A402184635B0080BFB8 /* markv_model_factory.cpp */,
				2BA86A3E2184635B0080BFB8 /* markv_model_factory.h */,
				2BA86A3F2184635B0080BFB8 /* markv_model_shader_default_autogen.inc */,
				2BA86A412184635B0080BFB8 /* markv_model_shader.cpp */,
				2BA86A422184635B0080BFB8 /* markv_model_shader.h */,
			);
			path = comp;
			sourceTree = "<group>";
		};
		2BC453A11D70B1DA00DFFF3B = {
			isa = PBXGroup;
			children = (
				2BC453AC1D70B1DA00DFFF3B /* source */,
				2BC453B71D70B21600DFFF3B /* testing */,
				2BC453AB1D70B1DA00DFFF3B /* Products */,
			);
			sourceTree = "<group>";
		};
		2BC453AB1D70B1DA00DFFF3B /* Products */ = {
			isa = PBXGroup;
			children = (
				2BC453AA1D70B1DA00DFFF3B /* smolv */,
			);
			name = Products;
			sourceTree = "<group>";
		};
		2BC453AC1D70B1DA00DFFF3B /* source */ = {
			isa = PBXGroup;
			children = (
				2BC453B41D70B20D00DFFF3B /* smolv.cpp */,
				2BC453B51D70B20D00DFFF3B /* smolv.h */,
			);
			name = source;
			path = ../source;
			sourceTree = "<group>";
		};
		2BC453B71D70B21600DFFF3B /* testing */ = {
			isa = PBXGroup;
			children = (
				2BC466031D70DC6100DFFF3B /* external */,
				2BC453B81D70B22400DFFF3B /* testmain.cpp */,
			);
			name = testing;
			path = ../testing;
			sourceTree = "<group>";
		};
		2BC466031D70DC6100DFFF3B /* external */ = {
			isa = PBXGroup;
			children = (
				2BA86A4621849ED00080BFB8 /* sokol_time.h */,
				2BA86987218453CC0080BFB8 /* spirv-tools-markv */,
				2B48E40A1D79CCE1009E1645 /* miniz */,
				2BC4663B1D71D6E800DFFF3B /* glslang */,
				2BC466111D71854000DFFF3B /* zstd */,
				2BC4660A1D71849200DFFF3B /* lz4 */,
			);
			name = external;
			sourceTree = "<group>";
		};
		2BC4660A1D71849200DFFF3B /* lz4 */ = {
			isa = PBXGroup;
			children = (
				2BC4660B1D71849F00DFFF3B /* lz4.c */,
				2BC4660C1D71849F00DFFF3B /* lz4.h */,
				2BC4660D1D71849F00DFFF3B /* lz4hc.c */,
				2BC4660E1D71849F00DFFF3B /* lz4hc.h */,
			);
			name = lz4;
			sourceTree = "<group>";
		};
		2BC466111D71854000DFFF3B /* zstd */ = {
			isa = PBXGroup;
			children = (
				2BC466281D71878200DFFF3B /* compress */,
				2BC466161D71876F00DFFF3B /* common */,
				2BC466121D71855200DFFF3B /* zstd.h */,
			);
			name = zstd;
			sourceTree = "<group>";
		};
		2BC466161D71876F00DFFF3B /* common */ = {
			isa = PBXGroup;
			children = (
				2BC466171D71877900DFFF3B /* bitstream.h */,
				2BC466181D71877900DFFF3B /* entropy_common.c */,
				2BC466191D71877900DFFF3B /* error_private.h */,
				2BC4661A1D71877900DFFF3B /* error_public.h */,
				2BC4661B1D71877900DFFF3B /* fse_decompress.c */,
				2BC4661C1D71877900DFFF3B /* fse.h */,
				2BC4661D1D71877900DFFF3B /* huf.h */,
				2BC4661E1D71877900DFFF3B /* mem.h */,
				2BC4661F1D71877900DFFF3B /* xxhash.c */,
				2BC466201D71877900DFFF3B /* xxhash.h */,
				2BC466211D71877900DFFF3B /* zbuff.h */,
				2BC466221D71877900DFFF3B /* zstd_common.c */,
				2BC466231D71877900DFFF3B /* zstd_internal.h */,
			);
			name = common;
			sourceTree = "<group>";
		};
		2BC466281D71878200DFFF3B /* compress */ = {
			isa = PBXGroup;
			children = (
				2BC4662A1D71879200DFFF3B /* fse_compress.c */,
				2BC4662B1D71879200DFFF3B /* huf_compress.c */,
				2BC4662C1D71879200DFFF3B /* zbuff_compress.c */,
				2BC4662D1D71879200DFFF3B /* zstd_compress.c */,
				2BC4662E1D71879200DFFF3B /* zstd_opt.h */,
			);
			name = compress;
			sourceTree = "<group>";
		};
		2BC4663B1D71D6E800DFFF3B /* glslang */ = {
			isa = PBXGroup;
			children = (
				2BC4663C1D71D6EE00DFFF3B /* spirv */,
			);
			name = glslang;
			sourceTree = "<group>";
		};
		2BC4663C1D71D6EE00DFFF3B /* spirv */ = {
			isa = PBXGroup;
			children = (
				2BC466401D71D80200DFFF3B /* doc.cpp */,
				2BC466411D71D80200DFFF3B /* doc.h */,
				2BC466421D71D80200DFFF3B /* spirv.hpp */,
				2BC466431D71D80200DFFF3B /* spvIR.h */,
				2BC4663D1D71D6FE00DFFF3B /* SPVRemapper.cpp */,
				2BC4663E1D71D6FE00DFFF3B /* SPVRemapper.h */,
			);
			name = spirv;
			sourceTree = "<group>";
		};
/* End PBXGroup section */

/* Begin PBXNativeTarget section */
		2BC453A91D70B1DA00DFFF3B /* smolv */ = {
			isa = PBXNativeTarget;
			buildConfigurationList = 2BC453B11D70B1DA00DFFF3B /* Build configuration list for PBXNativeTarget "smolv" */;
			buildPhases = (
				2BC453A61D70B1DA00DFFF3B /* Sources */,
				2BC453A71D70B1DA00DFFF3B /* Frameworks */,
				2BC453A81D70B1DA00DFFF3B /* CopyFiles */,
			);
			buildRules = (
			);
			dependencies = (
			);
			name = smolv;
			productName = smolv;
			productReference = 2BC453AA1D70B1DA00DFFF3B /* smolv */;
			productType = "com.apple.product-type.tool";
		};
/* End PBXNativeTarget section */

/* Begin PBXProject section */
		2BC453A21D70B1DA00DFFF3B /* Project object */ = {
			isa = PBXProject;
			attributes = {
				LastUpgradeCheck = 0730;
				ORGANIZATIONNAME = "Aras Pranckevicius";
				TargetAttributes = {
					2BC453A91D70B1DA00DFFF3B = {
						CreatedOnToolsVersion = 7.3.1;
					};
				};
			};
			buildConfigurationList = 2BC453A51D70B1DA00DFFF3B /* Build configuration list for PBXProject "smolv" */;
			compatibilityVersion = "Xcode 3.2";
			developmentRegion = English;
			hasScannedForEncodings = 0;
			knownRegions = (
				en,
			);
			mainGroup = 2BC453A11D70B1DA00DFFF3B;
			productRefGroup = 2BC453AB1D70B1DA00DFFF3B /* Products */;
			projectDirPath = "";
			projectRoot = "";
			targets = (
				2BC453A91D70B1DA00DFFF3B /* smolv */,
			);
		};
/* End PBXProject section */

/* Begin PBXSourcesBuildPhase section */
		2BC453A61D70B1DA00DFFF3B /* Sources */ = {
			isa = PBXSourcesBuildPhase;
			buildActionMask = 2147483647;
			files = (
				2BA86A2D218460E10080BFB8 /* print.cpp in Sources */,
				2BA86A11218460070080BFB8 /* validate_non_uniform.cpp in Sources */,
				2BA869D021845BAE0080BFB8 /* name_mapper.cpp in Sources */,
				2BA86A24218460070080BFB8 /* validate_layout.cpp in Sources */,
				2BA869BE218457EA0080BFB8 /* operand.cpp in Sources */,
				2BA86A04218460070080BFB8 /* function.cpp in Sources */,
				2B48E40C1D79CCEB009E1645 /* miniz.c in Sources */,
				2BA86A13218460070080BFB8 /* validate_barriers.cpp in Sources */,
				2BC4663F1D71D6FE00DFFF3B /* SPVRemapper.cpp in Sources */,
				2BC466241D71877900DFFF3B /* entropy_common.c in Sources */,
				2BA869C2218458490080BFB8 /* text.cpp in Sources */,
				2BC4663A1D7188EE00DFFF3B /* xxhash.c in Sources */,
				2BA86A20218460070080BFB8 /* validate_logicals.cpp in Sources */,
				2BA8699D218453F20080BFB8 /* markv_decoder.cpp in Sources */,
				2BA869D521845C420080BFB8 /* parse_number.cpp in Sources */,
				2BC466301D71879200DFFF3B /* huf_compress.c in Sources */,
				2BA86A452184635B0080BFB8 /* markv_model_shader.cpp in Sources */,
				2BA869CC218459F80080BFB8 /* disassemble.cpp in Sources */,
				2BC4660F1D71849F00DFFF3B /* lz4.c in Sources */,
				2BA86A26218460070080BFB8 /* validate_derivatives.cpp in Sources */,
				2BA86A23218460070080BFB8 /* basic_block.cpp in Sources */,
				2BA869BD218457EA0080BFB8 /* spirv_endian.cpp in Sources */,
				2BA86A08218460070080BFB8 /* validate_builtins.cpp in Sources */,
				2BC466101D71849F00DFFF3B /* lz4hc.c in Sources */,
				2BC466321D71879200DFFF3B /* zstd_compress.c in Sources */,
				2BA86A1F218460070080BFB8 /* validate_decorations.cpp in Sources */,
				2BA86A06218460070080BFB8 /* validate_atomics.cpp in Sources */,
				2BA86A1A218460070080BFB8 /* instruction.cpp in Sources */,
				2BA86A1D218460070080BFB8 /* validate_function.cpp in Sources */,
				2BA86A292184608E0080BFB8 /* spirv_validator_options.cpp in Sources */,
				2BA8699C218453F20080BFB8 /* bit_stream.cpp in Sources */,
				2BA86A0E218460070080BFB8 /* validate_memory.cpp in Sources */,
				2BA869C9218459B50080BFB8 /* id_descriptor.cpp in Sources */,
				2BC466271D71877900DFFF3B /* zstd_common.c in Sources */,
				2BA86A442184635B0080BFB8 /* markv_model_factory.cpp in Sources */,
				2BC466251D71877900DFFF3B /* fse_decompress.c in Sources */,
				2BC466391D7188E300DFFF3B /* fse_compress.c in Sources */,
				2BA86A27218460070080BFB8 /* validate_type.cpp in Sources */,
				2BA86999218453F20080BFB8 /* markv.cpp in Sources */,
				2BA86A19218460070080BFB8 /* validate_debug.cpp in Sources */,
				2BA86A1E218460070080BFB8 /* validate_id.cpp in Sources */,
				2BA86A0B218460070080BFB8 /* validate_execution_limitations.cpp in Sources */,
				2BC466441D71D80200DFFF3B /* doc.cpp in Sources */,
				2BA86A0F218460070080BFB8 /* validate_mode_setting.cpp in Sources */,
				2BA86A1C218460070080BFB8 /* validate_ext_inst.cpp in Sources */,
				2BA86A21218460070080BFB8 /* validate_primitives.cpp in Sources */,
				2BA86A2F218461140080BFB8 /* string_utils.cpp in Sources */,
				2BC466311D71879200DFFF3B /* zbuff_compress.c in Sources */,
				2BA86A15218460070080BFB8 /* validate_composites.cpp in Sources */,
				2BA869C7218459010080BFB8 /* ext_inst.cpp in Sources */,
				2BA869CE21845B8D0080BFB8 /* parsed_operand.cpp in Sources */,
				2BA869D821845C840080BFB8 /* validate.cpp in Sources */,
				2BA869B4218457350080BFB8 /* binary.cpp in Sources */,
				2BC453B91D70B22400DFFF3B /* testmain.cpp in Sources */,
				2BA869D221845BDF0080BFB8 /* table.cpp in Sources */,
				2BA8699A218453F20080BFB8 /* markv_codec.cpp in Sources */,
				2BA86A12218460070080BFB8 /* construct.cpp in Sources */,
				2BA86A17218460070080BFB8 /* validate_annotation.cpp in Sources */,
				2BA86A10218460070080BFB8 /* validate_literals.cpp in Sources */,
				2BA86A09218460070080BFB8 /* validate_constants.cpp in Sources */,
				2BA86A22218460070080BFB8 /* validation_state.cpp in Sources */,
				2BC453B61D70B20D00DFFF3B /* smolv.cpp in Sources */,
				2BA869B2218457350080BFB8 /* opcode.cpp in Sources */,
				2BA86A0D218460070080BFB8 /* validate_interfaces.cpp in Sources */,
				2BA869BF218457EA0080BFB8 /* spirv_target_env.cpp in Sources */,
				2BA86A0C218460070080BFB8 /* validate_image.cpp in Sources */,
				2BA869C5218458A20080BFB8 /* text_handler.cpp in Sources */,
				2BA86A2C218460E10080BFB8 /* extensions.cpp in Sources */,
				2BA869B3218457350080BFB8 /* assembly_grammar.cpp in Sources */,
				2BA86A1B218460070080BFB8 /* validate_instruction.cpp in Sources */,
				2BA8699B218453F20080BFB8 /* move_to_front.cpp in Sources */,
				2BA86A14218460070080BFB8 /* validate_cfg.cpp in Sources */,
				2BA86A0A218460070080BFB8 /* validate_datarules.cpp in Sources */,
				2BA8699E218453F20080BFB8 /* markv_encoder.cpp in Sources */,
				2BA86A31218461530080BFB8 /* enum_string_mapping.cpp in Sources */,
				2BA86A25218460070080BFB8 /* validate_adjacency.cpp in Sources */,
				2BA869B5218457350080BFB8 /* diagnostic.cpp in Sources */,
				2BA86A16218460070080BFB8 /* validate_conversion.cpp in Sources */,
				2BA86A18218460070080BFB8 /* validate_capability.cpp in Sources */,
				2BA86A05218460070080BFB8 /* validate_arithmetics.cpp in Sources */,
				2BA86A07218460070080BFB8 /* validate_bitwise.cpp in Sources */,
			);
			runOnlyForDeploymentPostprocessing = 0;
		};
/* End PBXSourcesBuildPhase section */

/* Begin XCBuildConfiguration section */
		2BC453AF1D70B1DA00DFFF3B /* Debug */ = {
			isa = XCBuildConfiguration;
			buildSettings = {
				ALWAYS_SEARCH_USER_PATHS = NO;
				CLANG_ANALYZER_NONNULL = YES;
				CLANG_CXX_LANGUAGE_STANDARD = "gnu++0x";
				CLANG_CXX_LIBRARY = "libc++";
				CLANG_ENABLE_MODULES = YES;
				CLANG_ENABLE_OBJC_ARC = YES;
				CLANG_WARN_BOOL_CONVERSION = YES;
				CLANG_WARN_CONSTANT_CONVERSION = YES;
				CLANG_WARN_DIRECT_OBJC_ISA_USAGE = YES_ERROR;
				CLANG_WARN_EMPTY_BODY = YES;
				CLANG_WARN_ENUM_CONVERSION = YES;
				CLANG_WARN_INT_CONVERSION = YES;
				CLANG_WARN_OBJC_ROOT_CLASS = YES_ERROR;
				CLANG_WARN_UNREACHABLE_CODE = YES;
				CLANG_WARN__DUPLICATE_METHOD_MATCH = YES;
				CODE_SIGN_IDENTITY = "-";
				COPY_PHASE_STRIP = NO;
				DEBUG_INFORMATION_FORMAT = dwarf;
				ENABLE_STRICT_OBJC_MSGSEND = YES;
				ENABLE_TESTABILITY = YES;
				GCC_C_LANGUAGE_STANDARD = gnu99;
				GCC_DYNAMIC_NO_PIC = NO;
				GCC_NO_COMMON_BLOCKS = YES;
				GCC_OPTIMIZATION_LEVEL = 0;
				GCC_PREPROCESSOR_DEFINITIONS = (
					"DEBUG=1",
					"$(inherited)",
				);
				GCC_WARN_64_TO_32_BIT_CONVERSION = YES;
				GCC_WARN_ABOUT_RETURN_TYPE = YES_ERROR;
				GCC_WARN_UNDECLARED_SELECTOR = YES;
				GCC_WARN_UNINITIALIZED_AUTOS = YES_AGGRESSIVE;
				GCC_WARN_UNUSED_FUNCTION = YES;
				GCC_WARN_UNUSED_VARIABLE = YES;
				MACOSX_DEPLOYMENT_TARGET = 10.11;
				MTL_ENABLE_DEBUG_INFO = YES;
				ONLY_ACTIVE_ARCH = YES;
				SDKROOT = macosx;
			};
			name = Debug;
		};
		2BC453B01D70B1DA00DFFF3B /* Release */ = {
			isa = XCBuildConfiguration;
			buildSettings = {
				ALWAYS_SEARCH_USER_PATHS = NO;
				CLANG_ANALYZER_NONNULL = YES;
				CLANG_CXX_LANGUAGE_STANDARD = "gnu++0x";
				CLANG_CXX_LIBRARY = "libc++";
				CLANG_ENABLE_MODULES = YES;
				CLANG_ENABLE_OBJC_ARC = YES;
				CLANG_WARN_BOOL_CONVERSION = YES;
				CLANG_WARN_CONSTANT_CONVERSION = YES;
				CLANG_WARN_DIRECT_OBJC_ISA_USAGE = YES_ERROR;
				CLANG_WARN_EMPTY_BODY = YES;
				CLANG_WARN_ENUM_CONVERSION = YES;
				CLANG_WARN_INT_CONVERSION = YES;
				CLANG_WARN_OBJC_ROOT_CLASS = YES_ERROR;
				CLANG_WARN_UNREACHABLE_CODE = YES;
				CLANG_WARN__DUPLICATE_METHOD_MATCH = YES;
				CODE_SIGN_IDENTITY = "-";
				COPY_PHASE_STRIP = NO;
				DEBUG_INFORMATION_FORMAT = "dwarf-with-dsym";
				ENABLE_NS_ASSERTIONS = NO;
				ENABLE_STRICT_OBJC_MSGSEND = YES;
				GCC_C_LANGUAGE_STANDARD = gnu99;
				GCC_NO_COMMON_BLOCKS = YES;
				GCC_PREPROCESSOR_DEFINITIONS = "NDEBUG=1";
				GCC_WARN_64_TO_32_BIT_CONVERSION = YES;
				GCC_WARN_ABOUT_RETURN_TYPE = YES_ERROR;
				GCC_WARN_UNDECLARED_SELECTOR = YES;
				GCC_WARN_UNINITIALIZED_AUTOS = YES_AGGRESSIVE;
				GCC_WARN_UNUSED_FUNCTION = YES;
				GCC_WARN_UNUSED_VARIABLE = YES;
				MACOSX_DEPLOYMENT_TARGET = 10.11;
				MTL_ENABLE_DEBUG_INFO = NO;
				SDKROOT = macosx;
			};
			name = Release;
		};
		2BC453B21D70B1DA00DFFF3B /* Debug */ = {
			isa = XCBuildConfiguration;
			buildSettings = {
				PRODUCT_NAME = "$(TARGET_NAME)";
			};
			name = Debug;
		};
		2BC453B31D70B1DA00DFFF3B /* Release */ = {
			isa = XCBuildConfiguration;
			buildSettings = {
				PRODUCT_NAME = "$(TARGET_NAME)";
			};
			name = Release;
		};
/* End XCBuildConfiguration section */

/* Begin XCConfigurationList section */
		2BC453A51D70B1DA00DFFF3B /* Build configuration list for PBXProject "smolv" */ = {
			isa = XCConfigurationList;
			buildConfigurations = (
				2BC453AF1D70B1DA00DFFF3B /* Debug */,
				2BC453B01D70B1DA00DFFF3B /* Release */,
			);
			defaultConfigurationIsVisible = 0;
			defaultConfigurationName = Release;
		};
		2BC453B11D70B1DA00DFFF3B /* Build configuration list for PBXNativeTarget "smolv" */ = {
			isa = XCConfigurationList;
			buildConfigurations = (
				2BC453B21D70B1DA00DFFF3B /* Debug */,
				2BC453B31D70B1DA00DFFF3B /* Release */,
			);
			defaultConfigurationIsVisible = 0;
			defaultConfigurationName = Release;
		};
/* End XCConfigurationList section */
	};
	rootObject = 2BC453A21D70B1DA00DFFF3B /* Project object */;
}
