// !$*UTF8*$!
{
	archiveVersion = 1;
	classes = {
	};
	objectVersion = 46;
	objects = {

/* Begin PBXBuildFile section */
		2BC453B61D70B20D00DFFF3B /* smolv.cpp in Sources */ = {isa = PBXBuildFile; fileRef = 2BC453B41D70B20D00DFFF3B /* smolv.cpp */; };
		2BC453B91D70B22400DFFF3B /* testmain.cpp in Sources */ = {isa = PBXBuildFile; fileRef = 2BC453B81D70B22400DFFF3B /* testmain.cpp */; };
		2BC4660F1D71849F00DFFF3B /* lz4.c in Sources */ = {isa = PBXBuildFile; fileRef = 2BC4660B1D71849F00DFFF3B /* lz4.c */; };
		2BC466101D71849F00DFFF3B /* lz4hc.c in Sources */ = {isa = PBXBuildFile; fileRef = 2BC4660D1D71849F00DFFF3B /* lz4hc.c */; };
		2BC466241D71877900DFFF3B /* entropy_common.c in Sources */ = {isa = PBXBuildFile; fileRef = 2BC466181D71877900DFFF3B /* entropy_common.c */; };
		2BC466251D71877900DFFF3B /* fse_decompress.c in Sources */ = {isa = PBXBuildFile; fileRef = 2BC4661B1D71877900DFFF3B /* fse_decompress.c */; };
		2BC466271D71877900DFFF3B /* zstd_common.c in Sources */ = {isa = PBXBuildFile; fileRef = 2BC466221D71877900DFFF3B /* zstd_common.c */; };
		2BC466301D71879200DFFF3B /* huf_compress.c in Sources */ = {isa = PBXBuildFile; fileRef = 2BC4662B1D71879200DFFF3B /* huf_compress.c */; };
		2BC466311D71879200DFFF3B /* zbuff_compress.c in Sources */ = {isa = PBXBuildFile; fileRef = 2BC4662C1D71879200DFFF3B /* zbuff_compress.c */; };
		2BC466321D71879200DFFF3B /* zstd_compress.c in Sources */ = {isa = PBXBuildFile; fileRef = 2BC4662D1D71879200DFFF3B /* zstd_compress.c */; };
		2BC466391D7188E300DFFF3B /* fse_compress.c in Sources */ = {isa = PBXBuildFile; fileRef = 2BC4662A1D71879200DFFF3B /* fse_compress.c */; };
		2BC4663A1D7188EE00DFFF3B /* xxhash.c in Sources */ = {isa = PBXBuildFile; fileRef = 2BC4661F1D71877900DFFF3B /* xxhash.c */; };
		2BC4663F1D71D6FE00DFFF3B /* SPVRemapper.cpp in Sources */ = {isa = PBXBuildFile; fileRef = 2BC4663D1D71D6FE00DFFF3B /* SPVRemapper.cpp */; };
		2BC466441D71D80200DFFF3B /* doc.cpp in Sources */ = {isa = PBXBuildFile; fileRef = 2BC466401D71D80200DFFF3B /* doc.cpp */; };
/* End PBXBuildFile section */

/* Begin PBXCopyFilesBuildPhase section */
		2BC453A81D70B1DA00DFFF3B /* CopyFiles */ = {
			isa = PBXCopyFilesBuildPhase;
			buildActionMask = 2147483647;
			dstPath = /usr/share/man/man1/;
			dstSubfolderSpec = 0;
			files = (
			);
			runOnlyForDeploymentPostprocessing = 1;
		};
/* End PBXCopyFilesBuildPhase section */

/* Begin PBXFileReference section */
		2BC453AA1D70B1DA00DFFF3B /* smolv */ = {isa = PBXFileReference; explicitFileType = "compiled.mach-o.executable"; includeInIndex = 0; path = smolv; sourceTree = BUILT_PRODUCTS_DIR; };
		2BC453B41D70B20D00DFFF3B /* smolv.cpp */ = {isa = PBXFileReference; fileEncoding = 4; lastKnownFileType = sourcecode.cpp.cpp; path = smolv.cpp; sourceTree = "<group>"; };
		2BC453B51D70B20D00DFFF3B /* smolv.h */ = {isa = PBXFileReference; fileEncoding = 4; lastKnownFileType = sourcecode.c.h; path = smolv.h; sourceTree = "<group>"; };
		2BC453B81D70B22400DFFF3B /* testmain.cpp */ = {isa = PBXFileReference; fileEncoding = 4; lastKnownFileType = sourcecode.cpp.cpp; path = testmain.cpp; sourceTree = "<group>"; };
		2BC453BA1D70BA1700DFFF3B /* spirv.h */ = {isa = PBXFileReference; fileEncoding = 4; lastKnownFileType = sourcecode.c.h; path = spirv.h; sourceTree = "<group>"; };
		2BC4660B1D71849F00DFFF3B /* lz4.c */ = {isa = PBXFileReference; fileEncoding = 4; lastKnownFileType = sourcecode.c.c; name = lz4.c; path = external/lz4/lz4.c; sourceTree = "<group>"; };
		2BC4660C1D71849F00DFFF3B /* lz4.h */ = {isa = PBXFileReference; fileEncoding = 4; lastKnownFileType = sourcecode.c.h; name = lz4.h; path = external/lz4/lz4.h; sourceTree = "<group>"; };
		2BC4660D1D71849F00DFFF3B /* lz4hc.c */ = {isa = PBXFileReference; fileEncoding = 4; lastKnownFileType = sourcecode.c.c; name = lz4hc.c; path = external/lz4/lz4hc.c; sourceTree = "<group>"; };
		2BC4660E1D71849F00DFFF3B /* lz4hc.h */ = {isa = PBXFileReference; fileEncoding = 4; lastKnownFileType = sourcecode.c.h; name = lz4hc.h; path = external/lz4/lz4hc.h; sourceTree = "<group>"; };
		2BC466121D71855200DFFF3B /* zstd.h */ = {isa = PBXFileReference; fileEncoding = 4; lastKnownFileType = sourcecode.c.h; name = zstd.h; path = external/zstd/zstd.h; sourceTree = "<group>"; };
		2BC466171D71877900DFFF3B /* bitstream.h */ = {isa = PBXFileReference; fileEncoding = 4; lastKnownFileType = sourcecode.c.h; name = bitstream.h; path = external/zstd/common/bitstream.h; sourceTree = "<group>"; };
		2BC466181D71877900DFFF3B /* entropy_common.c */ = {isa = PBXFileReference; fileEncoding = 4; lastKnownFileType = sourcecode.c.c; name = entropy_common.c; path = external/zstd/common/entropy_common.c; sourceTree = "<group>"; };
		2BC466191D71877900DFFF3B /* error_private.h */ = {isa = PBXFileReference; fileEncoding = 4; lastKnownFileType = sourcecode.c.h; name = error_private.h; path = external/zstd/common/error_private.h; sourceTree = "<group>"; };
		2BC4661A1D71877900DFFF3B /* error_public.h */ = {isa = PBXFileReference; fileEncoding = 4; lastKnownFileType = sourcecode.c.h; name = error_public.h; path = external/zstd/common/error_public.h; sourceTree = "<group>"; };
		2BC4661B1D71877900DFFF3B /* fse_decompress.c */ = {isa = PBXFileReference; fileEncoding = 4; lastKnownFileType = sourcecode.c.c; name = fse_decompress.c; path = external/zstd/common/fse_decompress.c; sourceTree = "<group>"; };
		2BC4661C1D71877900DFFF3B /* fse.h */ = {isa = PBXFileReference; fileEncoding = 4; lastKnownFileType = sourcecode.c.h; name = fse.h; path = external/zstd/common/fse.h; sourceTree = "<group>"; };
		2BC4661D1D71877900DFFF3B /* huf.h */ = {isa = PBXFileReference; fileEncoding = 4; lastKnownFileType = sourcecode.c.h; name = huf.h; path = external/zstd/common/huf.h; sourceTree = "<group>"; };
		2BC4661E1D71877900DFFF3B /* mem.h */ = {isa = PBXFileReference; fileEncoding = 4; lastKnownFileType = sourcecode.c.h; name = mem.h; path = external/zstd/common/mem.h; sourceTree = "<group>"; };
		2BC4661F1D71877900DFFF3B /* xxhash.c */ = {isa = PBXFileReference; fileEncoding = 4; lastKnownFileType = sourcecode.c.c; name = xxhash.c; path = external/zstd/common/xxhash.c; sourceTree = "<group>"; };
		2BC466201D71877900DFFF3B /* xxhash.h */ = {isa = PBXFileReference; fileEncoding = 4; lastKnownFileType = sourcecode.c.h; name = xxhash.h; path = external/zstd/common/xxhash.h; sourceTree = "<group>"; };
		2BC466211D71877900DFFF3B /* zbuff.h */ = {isa = PBXFileReference; fileEncoding = 4; lastKnownFileType = sourcecode.c.h; name = zbuff.h; path = external/zstd/common/zbuff.h; sourceTree = "<group>"; };
		2BC466221D71877900DFFF3B /* zstd_common.c */ = {isa = PBXFileReference; fileEncoding = 4; lastKnownFileType = sourcecode.c.c; name = zstd_common.c; path = external/zstd/common/zstd_common.c; sourceTree = "<group>"; };
		2BC466231D71877900DFFF3B /* zstd_internal.h */ = {isa = PBXFileReference; fileEncoding = 4; lastKnownFileType = sourcecode.c.h; name = zstd_internal.h; path = external/zstd/common/zstd_internal.h; sourceTree = "<group>"; };
		2BC4662A1D71879200DFFF3B /* fse_compress.c */ = {isa = PBXFileReference; fileEncoding = 4; lastKnownFileType = sourcecode.c.c; name = fse_compress.c; path = external/zstd/compress/fse_compress.c; sourceTree = "<group>"; };
		2BC4662B1D71879200DFFF3B /* huf_compress.c */ = {isa = PBXFileReference; fileEncoding = 4; lastKnownFileType = sourcecode.c.c; name = huf_compress.c; path = external/zstd/compress/huf_compress.c; sourceTree = "<group>"; };
		2BC4662C1D71879200DFFF3B /* zbuff_compress.c */ = {isa = PBXFileReference; fileEncoding = 4; lastKnownFileType = sourcecode.c.c; name = zbuff_compress.c; path = external/zstd/compress/zbuff_compress.c; sourceTree = "<group>"; };
		2BC4662D1D71879200DFFF3B /* zstd_compress.c */ = {isa = PBXFileReference; fileEncoding = 4; lastKnownFileType = sourcecode.c.c; name = zstd_compress.c; path = external/zstd/compress/zstd_compress.c; sourceTree = "<group>"; };
		2BC4662E1D71879200DFFF3B /* zstd_opt.h */ = {isa = PBXFileReference; fileEncoding = 4; lastKnownFileType = sourcecode.c.h; name = zstd_opt.h; path = external/zstd/compress/zstd_opt.h; sourceTree = "<group>"; };
		2BC4663D1D71D6FE00DFFF3B /* SPVRemapper.cpp */ = {isa = PBXFileReference; fileEncoding = 4; lastKnownFileType = sourcecode.cpp.cpp; name = SPVRemapper.cpp; path = external/glslang/SPIRV/SPVRemapper.cpp; sourceTree = "<group>"; };
		2BC4663E1D71D6FE00DFFF3B /* SPVRemapper.h */ = {isa = PBXFileReference; fileEncoding = 4; lastKnownFileType = sourcecode.c.h; name = SPVRemapper.h; path = external/glslang/SPIRV/SPVRemapper.h; sourceTree = "<group>"; };
		2BC466401D71D80200DFFF3B /* doc.cpp */ = {isa = PBXFileReference; fileEncoding = 4; lastKnownFileType = sourcecode.cpp.cpp; name = doc.cpp; path = external/glslang/SPIRV/doc.cpp; sourceTree = "<group>"; };
		2BC466411D71D80200DFFF3B /* doc.h */ = {isa = PBXFileReference; fileEncoding = 4; lastKnownFileType = sourcecode.c.h; name = doc.h; path = external/glslang/SPIRV/doc.h; sourceTree = "<group>"; };
		2BC466421D71D80200DFFF3B /* spirv.hpp */ = {isa = PBXFileReference; fileEncoding = 4; lastKnownFileType = sourcecode.cpp.h; name = spirv.hpp; path = external/glslang/SPIRV/spirv.hpp; sourceTree = "<group>"; };
		2BC466431D71D80200DFFF3B /* spvIR.h */ = {isa = PBXFileReference; fileEncoding = 4; lastKnownFileType = sourcecode.c.h; name = spvIR.h; path = external/glslang/SPIRV/spvIR.h; sourceTree = "<group>"; };
/* End PBXFileReference section */

/* Begin PBXFrameworksBuildPhase section */
		2BC453A71D70B1DA00DFFF3B /* Frameworks */ = {
			isa = PBXFrameworksBuildPhase;
			buildActionMask = 2147483647;
			files = (
			);
			runOnlyForDeploymentPostprocessing = 0;
		};
/* End PBXFrameworksBuildPhase section */

/* Begin PBXGroup section */
		2BC453A11D70B1DA00DFFF3B = {
			isa = PBXGroup;
			children = (
				2BC453AC1D70B1DA00DFFF3B /* source */,
				2BC453B71D70B21600DFFF3B /* testing */,
				2BC453AB1D70B1DA00DFFF3B /* Products */,
			);
			sourceTree = "<group>";
		};
		2BC453AB1D70B1DA00DFFF3B /* Products */ = {
			isa = PBXGroup;
			children = (
				2BC453AA1D70B1DA00DFFF3B /* smolv */,
			);
			name = Products;
			sourceTree = "<group>";
		};
		2BC453AC1D70B1DA00DFFF3B /* source */ = {
			isa = PBXGroup;
			children = (
				2BC453BA1D70BA1700DFFF3B /* spirv.h */,
				2BC453B41D70B20D00DFFF3B /* smolv.cpp */,
				2BC453B51D70B20D00DFFF3B /* smolv.h */,
			);
			name = source;
			path = ../source;
			sourceTree = "<group>";
		};
		2BC453B71D70B21600DFFF3B /* testing */ = {
			isa = PBXGroup;
			children = (
				2BC466031D70DC6100DFFF3B /* external */,
				2BC453B81D70B22400DFFF3B /* testmain.cpp */,
			);
			name = testing;
			path = ../testing;
			sourceTree = "<group>";
		};
		2BC466031D70DC6100DFFF3B /* external */ = {
			isa = PBXGroup;
			children = (
				2BC4663B1D71D6E800DFFF3B /* glslang */,
				2BC466111D71854000DFFF3B /* zstd */,
				2BC4660A1D71849200DFFF3B /* lz4 */,
			);
			name = external;
			sourceTree = "<group>";
		};
		2BC4660A1D71849200DFFF3B /* lz4 */ = {
			isa = PBXGroup;
			children = (
				2BC4660B1D71849F00DFFF3B /* lz4.c */,
				2BC4660C1D71849F00DFFF3B /* lz4.h */,
				2BC4660D1D71849F00DFFF3B /* lz4hc.c */,
				2BC4660E1D71849F00DFFF3B /* lz4hc.h */,
			);
			name = lz4;
			sourceTree = "<group>";
		};
		2BC466111D71854000DFFF3B /* zstd */ = {
			isa = PBXGroup;
			children = (
				2BC466281D71878200DFFF3B /* compress */,
				2BC466161D71876F00DFFF3B /* common */,
				2BC466121D71855200DFFF3B /* zstd.h */,
			);
			name = zstd;
			sourceTree = "<group>";
		};
		2BC466161D71876F00DFFF3B /* common */ = {
			isa = PBXGroup;
			children = (
				2BC466171D71877900DFFF3B /* bitstream.h */,
				2BC466181D71877900DFFF3B /* entropy_common.c */,
				2BC466191D71877900DFFF3B /* error_private.h */,
				2BC4661A1D71877900DFFF3B /* error_public.h */,
				2BC4661B1D71877900DFFF3B /* fse_decompress.c */,
				2BC4661C1D71877900DFFF3B /* fse.h */,
				2BC4661D1D71877900DFFF3B /* huf.h */,
				2BC4661E1D71877900DFFF3B /* mem.h */,
				2BC4661F1D71877900DFFF3B /* xxhash.c */,
				2BC466201D71877900DFFF3B /* xxhash.h */,
				2BC466211D71877900DFFF3B /* zbuff.h */,
				2BC466221D71877900DFFF3B /* zstd_common.c */,
				2BC466231D71877900DFFF3B /* zstd_internal.h */,
			);
			name = common;
			sourceTree = "<group>";
		};
		2BC466281D71878200DFFF3B /* compress */ = {
			isa = PBXGroup;
			children = (
				2BC4662A1D71879200DFFF3B /* fse_compress.c */,
				2BC4662B1D71879200DFFF3B /* huf_compress.c */,
				2BC4662C1D71879200DFFF3B /* zbuff_compress.c */,
				2BC4662D1D71879200DFFF3B /* zstd_compress.c */,
				2BC4662E1D71879200DFFF3B /* zstd_opt.h */,
			);
			name = compress;
			sourceTree = "<group>";
		};
		2BC4663B1D71D6E800DFFF3B /* glslang */ = {
			isa = PBXGroup;
			children = (
				2BC4663C1D71D6EE00DFFF3B /* spirv */,
			);
			name = glslang;
			sourceTree = "<group>";
		};
		2BC4663C1D71D6EE00DFFF3B /* spirv */ = {
			isa = PBXGroup;
			children = (
				2BC466401D71D80200DFFF3B /* doc.cpp */,
				2BC466411D71D80200DFFF3B /* doc.h */,
				2BC466421D71D80200DFFF3B /* spirv.hpp */,
				2BC466431D71D80200DFFF3B /* spvIR.h */,
				2BC4663D1D71D6FE00DFFF3B /* SPVRemapper.cpp */,
				2BC4663E1D71D6FE00DFFF3B /* SPVRemapper.h */,
			);
			name = spirv;
			sourceTree = "<group>";
		};
/* End PBXGroup section */

/* Begin PBXNativeTarget section */
		2BC453A91D70B1DA00DFFF3B /* smolv */ = {
			isa = PBXNativeTarget;
			buildConfigurationList = 2BC453B11D70B1DA00DFFF3B /* Build configuration list for PBXNativeTarget "smolv" */;
			buildPhases = (
				2BC453A61D70B1DA00DFFF3B /* Sources */,
				2BC453A71D70B1DA00DFFF3B /* Frameworks */,
				2BC453A81D70B1DA00DFFF3B /* CopyFiles */,
			);
			buildRules = (
			);
			dependencies = (
			);
			name = smolv;
			productName = smolv;
			productReference = 2BC453AA1D70B1DA00DFFF3B /* smolv */;
			productType = "com.apple.product-type.tool";
		};
/* End PBXNativeTarget section */

/* Begin PBXProject section */
		2BC453A21D70B1DA00DFFF3B /* Project object */ = {
			isa = PBXProject;
			attributes = {
				LastUpgradeCheck = 0730;
				ORGANIZATIONNAME = "Aras Pranckevicius";
				TargetAttributes = {
					2BC453A91D70B1DA00DFFF3B = {
						CreatedOnToolsVersion = 7.3.1;
					};
				};
			};
			buildConfigurationList = 2BC453A51D70B1DA00DFFF3B /* Build configuration list for PBXProject "smolv" */;
			compatibilityVersion = "Xcode 3.2";
			developmentRegion = English;
			hasScannedForEncodings = 0;
			knownRegions = (
				en,
			);
			mainGroup = 2BC453A11D70B1DA00DFFF3B;
			productRefGroup = 2BC453AB1D70B1DA00DFFF3B /* Products */;
			projectDirPath = "";
			projectRoot = "";
			targets = (
				2BC453A91D70B1DA00DFFF3B /* smolv */,
			);
		};
/* End PBXProject section */

/* Begin PBXSourcesBuildPhase section */
		2BC453A61D70B1DA00DFFF3B /* Sources */ = {
			isa = PBXSourcesBuildPhase;
			buildActionMask = 2147483647;
			files = (
				2BC4663F1D71D6FE00DFFF3B /* SPVRemapper.cpp in Sources */,
				2BC466241D71877900DFFF3B /* entropy_common.c in Sources */,
				2BC4663A1D7188EE00DFFF3B /* xxhash.c in Sources */,
				2BC466301D71879200DFFF3B /* huf_compress.c in Sources */,
				2BC4660F1D71849F00DFFF3B /* lz4.c in Sources */,
				2BC466101D71849F00DFFF3B /* lz4hc.c in Sources */,
				2BC466321D71879200DFFF3B /* zstd_compress.c in Sources */,
				2BC466271D71877900DFFF3B /* zstd_common.c in Sources */,
				2BC466251D71877900DFFF3B /* fse_decompress.c in Sources */,
				2BC466391D7188E300DFFF3B /* fse_compress.c in Sources */,
				2BC466441D71D80200DFFF3B /* doc.cpp in Sources */,
				2BC466311D71879200DFFF3B /* zbuff_compress.c in Sources */,
				2BC453B91D70B22400DFFF3B /* testmain.cpp in Sources */,
				2BC453B61D70B20D00DFFF3B /* smolv.cpp in Sources */,
			);
			runOnlyForDeploymentPostprocessing = 0;
		};
/* End PBXSourcesBuildPhase section */

/* Begin XCBuildConfiguration section */
		2BC453AF1D70B1DA00DFFF3B /* Debug */ = {
			isa = XCBuildConfiguration;
			buildSettings = {
				ALWAYS_SEARCH_USER_PATHS = NO;
				CLANG_ANALYZER_NONNULL = YES;
				CLANG_CXX_LANGUAGE_STANDARD = "gnu++0x";
				CLANG_CXX_LIBRARY = "libc++";
				CLANG_ENABLE_MODULES = YES;
				CLANG_ENABLE_OBJC_ARC = YES;
				CLANG_WARN_BOOL_CONVERSION = YES;
				CLANG_WARN_CONSTANT_CONVERSION = YES;
				CLANG_WARN_DIRECT_OBJC_ISA_USAGE = YES_ERROR;
				CLANG_WARN_EMPTY_BODY = YES;
				CLANG_WARN_ENUM_CONVERSION = YES;
				CLANG_WARN_INT_CONVERSION = YES;
				CLANG_WARN_OBJC_ROOT_CLASS = YES_ERROR;
				CLANG_WARN_UNREACHABLE_CODE = YES;
				CLANG_WARN__DUPLICATE_METHOD_MATCH = YES;
				CODE_SIGN_IDENTITY = "-";
				COPY_PHASE_STRIP = NO;
				DEBUG_INFORMATION_FORMAT = dwarf;
				ENABLE_STRICT_OBJC_MSGSEND = YES;
				ENABLE_TESTABILITY = YES;
				GCC_C_LANGUAGE_STANDARD = gnu99;
				GCC_DYNAMIC_NO_PIC = NO;
				GCC_NO_COMMON_BLOCKS = YES;
				GCC_OPTIMIZATION_LEVEL = 0;
				GCC_PREPROCESSOR_DEFINITIONS = (
					"DEBUG=1",
					"$(inherited)",
				);
				GCC_WARN_64_TO_32_BIT_CONVERSION = YES;
				GCC_WARN_ABOUT_RETURN_TYPE = YES_ERROR;
				GCC_WARN_UNDECLARED_SELECTOR = YES;
				GCC_WARN_UNINITIALIZED_AUTOS = YES_AGGRESSIVE;
				GCC_WARN_UNUSED_FUNCTION = YES;
				GCC_WARN_UNUSED_VARIABLE = YES;
				MACOSX_DEPLOYMENT_TARGET = 10.11;
				MTL_ENABLE_DEBUG_INFO = YES;
				ONLY_ACTIVE_ARCH = YES;
				SDKROOT = macosx;
			};
			name = Debug;
		};
		2BC453B01D70B1DA00DFFF3B /* Release */ = {
			isa = XCBuildConfiguration;
			buildSettings = {
				ALWAYS_SEARCH_USER_PATHS = NO;
				CLANG_ANALYZER_NONNULL = YES;
				CLANG_CXX_LANGUAGE_STANDARD = "gnu++0x";
				CLANG_CXX_LIBRARY = "libc++";
				CLANG_ENABLE_MODULES = YES;
				CLANG_ENABLE_OBJC_ARC = YES;
				CLANG_WARN_BOOL_CONVERSION = YES;
				CLANG_WARN_CONSTANT_CONVERSION = YES;
				CLANG_WARN_DIRECT_OBJC_ISA_USAGE = YES_ERROR;
				CLANG_WARN_EMPTY_BODY = YES;
				CLANG_WARN_ENUM_CONVERSION = YES;
				CLANG_WARN_INT_CONVERSION = YES;
				CLANG_WARN_OBJC_ROOT_CLASS = YES_ERROR;
				CLANG_WARN_UNREACHABLE_CODE = YES;
				CLANG_WARN__DUPLICATE_METHOD_MATCH = YES;
				CODE_SIGN_IDENTITY = "-";
				COPY_PHASE_STRIP = NO;
				DEBUG_INFORMATION_FORMAT = "dwarf-with-dsym";
				ENABLE_NS_ASSERTIONS = NO;
				ENABLE_STRICT_OBJC_MSGSEND = YES;
				GCC_C_LANGUAGE_STANDARD = gnu99;
				GCC_NO_COMMON_BLOCKS = YES;
				GCC_WARN_64_TO_32_BIT_CONVERSION = YES;
				GCC_WARN_ABOUT_RETURN_TYPE = YES_ERROR;
				GCC_WARN_UNDECLARED_SELECTOR = YES;
				GCC_WARN_UNINITIALIZED_AUTOS = YES_AGGRESSIVE;
				GCC_WARN_UNUSED_FUNCTION = YES;
				GCC_WARN_UNUSED_VARIABLE = YES;
				MACOSX_DEPLOYMENT_TARGET = 10.11;
				MTL_ENABLE_DEBUG_INFO = NO;
				SDKROOT = macosx;
			};
			name = Release;
		};
		2BC453B21D70B1DA00DFFF3B /* Debug */ = {
			isa = XCBuildConfiguration;
			buildSettings = {
				PRODUCT_NAME = "$(TARGET_NAME)";
			};
			name = Debug;
		};
		2BC453B31D70B1DA00DFFF3B /* Release */ = {
			isa = XCBuildConfiguration;
			buildSettings = {
				PRODUCT_NAME = "$(TARGET_NAME)";
			};
			name = Release;
		};
/* End XCBuildConfiguration section */

/* Begin XCConfigurationList section */
		2BC453A51D70B1DA00DFFF3B /* Build configuration list for PBXProject "smolv" */ = {
			isa = XCConfigurationList;
			buildConfigurations = (
				2BC453AF1D70B1DA00DFFF3B /* Debug */,
				2BC453B01D70B1DA00DFFF3B /* Release */,
			);
			defaultConfigurationIsVisible = 0;
			defaultConfigurationName = Release;
		};
		2BC453B11D70B1DA00DFFF3B /* Build configuration list for PBXNativeTarget "smolv" */ = {
			isa = XCConfigurationList;
			buildConfigurations = (
				2BC453B21D70B1DA00DFFF3B /* Debug */,
				2BC453B31D70B1DA00DFFF3B /* Release */,
			);
			defaultConfigurationIsVisible = 0;
			defaultConfigurationName = Release;
		};
/* End XCConfigurationList section */
	};
	rootObject = 2BC453A21D70B1DA00DFFF3B /* Project object */;
}
