<?xml version="1.0" encoding="utf-8"?>
<Project ToolsVersion="4.0" xmlns="http://schemas.microsoft.com/developer/msbuild/2003">
  <ItemGroup>
    <ClCompile Include="..\..\source\smolv.cpp" />
    <ClCompile Include="..\..\testing\testmain.cpp" />
    <ClCompile Include="..\..\testing\external\glslang\SPIRV\doc.cpp">
      <Filter>external\glslang</Filter>
    </ClCompile>
    <ClCompile Include="..\..\testing\external\glslang\SPIRV\SPVRemapper.cpp">
      <Filter>external\glslang</Filter>
    </ClCompile>
    <ClCompile Include="..\..\testing\external\lz4\lz4.c">
      <Filter>external\lz4</Filter>
    </ClCompile>
    <ClCompile Include="..\..\testing\external\lz4\lz4hc.c">
      <Filter>external\lz4</Filter>
    </ClCompile>
    <ClCompile Include="..\..\testing\external\zstd\common\entropy_common.c">
      <Filter>external\zstd</Filter>
    </ClCompile>
    <ClCompile Include="..\..\testing\external\zstd\common\fse_decompress.c">
      <Filter>external\zstd</Filter>
    </ClCompile>
    <ClCompile Include="..\..\testing\external\zstd\common\xxhash.c">
      <Filter>external\zstd</Filter>
    </ClCompile>
    <ClCompile Include="..\..\testing\external\zstd\common\zstd_common.c">
      <Filter>external\zstd</Filter>
    </ClCompile>
    <ClCompile Include="..\..\testing\external\zstd\compress\fse_compress.c">
      <Filter>external\zstd</Filter>
    </ClCompile>
    <ClCompile Include="..\..\testing\external\zstd\compress\huf_compress.c">
      <Filter>external\zstd</Filter>
    </ClCompile>
    <ClCompile Include="..\..\testing\external\zstd\compress\zbuff_compress.c">
      <Filter>external\zstd</Filter>
    </ClCompile>
    <ClCompile Include="..\..\testing\external\zstd\compress\zstd_compress.c">
      <Filter>external\zstd</Filter>
    </ClCompile>
  </ItemGroup>
  <ItemGroup>
    <ClInclude Include="..\..\source\smolv.h" />
    <ClInclude Include="..\..\testing\external\glslang\glslang\Include\Common.h">
      <Filter>external\glslang</Filter>
    </ClInclude>
    <ClInclude Include="..\..\testing\external\glslang\glslang\Include\PoolAlloc.h">
      <Filter>external\glslang</Filter>
    </ClInclude>
    <ClInclude Include="..\..\testing\external\glslang\SPIRV\doc.h">
      <Filter>external\glslang</Filter>
    </ClInclude>
    <ClInclude Include="..\..\testing\external\glslang\SPIRV\spirv.hpp">
      <Filter>external\glslang</Filter>
    </ClInclude>
    <ClInclude Include="..\..\testing\external\glslang\SPIRV\spvIR.h">
      <Filter>external\glslang</Filter>
    </ClInclude>
    <ClInclude Include="..\..\testing\external\glslang\SPIRV\SPVRemapper.h">
      <Filter>external\glslang</Filter>
    </ClInclude>
    <ClInclude Include="..\..\testing\external\lz4\lz4.h">
      <Filter>external\lz4</Filter>
    </ClInclude>
    <ClInclude Include="..\..\testing\external\lz4\lz4hc.h">
      <Filter>external\lz4</Filter>
    </ClInclude>
    <ClInclude Include="..\..\testing\external\zstd\common\bitstream.h">
      <Filter>external\zstd</Filter>
    </ClInclude>
    <ClInclude Include="..\..\testing\external\zstd\common\error_private.h">
      <Filter>external\zstd</Filter>
    </ClInclude>
    <ClInclude Include="..\..\testing\external\zstd\common\error_public.h">
      <Filter>external\zstd</Filter>
    </ClInclude>
    <ClInclude Include="..\..\testing\external\zstd\common\fse.h">
      <Filter>external\zstd</Filter>
    </ClInclude>
    <ClInclude Include="..\..\testing\external\zstd\common\huf.h">
      <Filter>external\zstd</Filter>
    </ClInclude>
    <ClInclude Include="..\..\testing\external\zstd\common\mem.h">
      <Filter>external\zstd</Filter>
    </ClInclude>
    <ClInclude Include="..\..\testing\external\zstd\common\xxhash.h">
      <Filter>external\zstd</Filter>
    </ClInclude>
    <ClInclude Include="..\..\testing\external\zstd\common\zbuff.h">
      <Filter>external\zstd</Filter>
    </ClInclude>
    <ClInclude Include="..\..\testing\external\zstd\common\zstd_internal.h">
      <Filter>external\zstd</Filter>
    </ClInclude>
    <ClInclude Include="..\..\testing\external\zstd\compress\zstd_opt.h">
      <Filter>external\zstd</Filter>
    </ClInclude>
    <ClInclude Include="..\..\testing\external\zstd\zstd.h">
      <Filter>external\zstd</Filter>
    </ClInclude>
  </ItemGroup>
  <ItemGroup>
    <Filter Include="external">
      <UniqueIdentifier>{bd35a71a-aa0a-4068-9bd8-9a333e6a2c6d}</UniqueIdentifier>
    </Filter>
    <Filter Include="external\glslang">
      <UniqueIdentifier>{87160480-070c-4aae-a726-dc45a9b99b40}</UniqueIdentifier>
    </Filter>
    <Filter Include="external\lz4">
      <UniqueIdentifier>{d372eb43-b5e9-4d82-b2b6-6660af25dddf}</UniqueIdentifier>
    </Filter>
    <Filter Include="external\zstd">
      <UniqueIdentifier>{7f5fdc8e-a567-4372-b176-efe75af61157}</UniqueIdentifier>
    </Filter>
  </ItemGroup>
</Project>